{
  "nodes": {
    "SchemaStore-nvim": {
      "flake": false,
      "locked": {
        "lastModified": 1680022843,
        "narHash": "sha256-PWSUbJ6vkBJ/ziznrw/LAXCilBX5ZCM31epYSgL0SI8=",
        "owner": "b0o",
        "repo": "SchemaStore.nvim",
        "rev": "dde293000b626cca90804e7b82731173f195b3ee",
        "type": "github"
      },
      "original": {
        "owner": "b0o",
        "repo": "SchemaStore.nvim",
        "type": "github"
      }
    },
    "alpha-nvim": {
      "flake": false,
      "locked": {
        "lastModified": 1679422215,
        "narHash": "sha256-jNJ/0ueUXgArpWHypIkNA4hKrwYjthva7gK9JuE4VWM=",
        "owner": "goolord",
        "repo": "alpha-nvim",
        "rev": "dafa11a6218c2296df044e00f88d9187222ba6b0",
        "type": "github"
      },
      "original": {
        "owner": "goolord",
        "repo": "alpha-nvim",
        "type": "github"
      }
    },
    "bufferline-nvim": {
      "flake": false,
      "locked": {
        "lastModified": 1677796018,
        "narHash": "sha256-tuGitJQ2eXB9/SIHAyPrEVgy2n++GOlBOPLvFv3Ds4E=",
        "owner": "akinsho",
        "repo": "bufferline.nvim",
        "rev": "3677aceb9a72630b0613e56516c8f7151b86f95c",
        "type": "github"
      },
      "original": {
        "owner": "akinsho",
        "repo": "bufferline.nvim",
        "type": "github"
      }
    },
    "ccc-nvim": {
      "flake": false,
      "locked": {
        "lastModified": 1679727709,
        "narHash": "sha256-ne5UcvWKUhCDpU3nzdtUbIKfl68coRklcUQ8+fHk1kQ=",
        "owner": "uga-rosa",
        "repo": "ccc.nvim",
        "rev": "e47e0bad487ed23b0121b675b77af40fa41ad7b6",
        "type": "github"
      },
      "original": {
        "owner": "uga-rosa",
        "repo": "ccc.nvim",
        "type": "github"
      }
    },
    "cmp-buffer": {
      "flake": false,
      "locked": {
        "lastModified": 1660101488,
        "narHash": "sha256-dG4U7MtnXThoa/PD+qFtCt76MQ14V1wX8GMYcvxEnbM=",
        "owner": "hrsh7th",
        "repo": "cmp-buffer",
        "rev": "3022dbc9166796b644a841a02de8dd1cc1d311fa",
        "type": "github"
      },
      "original": {
        "owner": "hrsh7th",
        "repo": "cmp-buffer",
        "type": "github"
      }
    },
    "cmp-cmdline": {
      "flake": false,
      "locked": {
        "lastModified": 1676566607,
        "narHash": "sha256-Yz2N7bzpQE4Qt89CAO3LEvBkhtgJR4OPN+734IayEK4=",
        "owner": "hrsh7th",
        "repo": "cmp-cmdline",
        "rev": "8fcc934a52af96120fe26358985c10c035984b53",
        "type": "github"
      },
      "original": {
        "owner": "hrsh7th",
        "repo": "cmp-cmdline",
        "type": "github"
      }
    },
    "cmp-nvim-lsp": {
      "flake": false,
      "locked": {
        "lastModified": 1675708067,
        "narHash": "sha256-DxpcPTBlvVP88PDoTheLV2fC76EXDqS2UpM5mAfj/D4=",
        "owner": "hrsh7th",
        "repo": "cmp-nvim-lsp",
        "rev": "0e6b2ed705ddcff9738ec4ea838141654f12eeef",
        "type": "github"
      },
      "original": {
        "owner": "hrsh7th",
        "repo": "cmp-nvim-lsp",
        "type": "github"
      }
    },
    "cmp-path": {
      "flake": false,
      "locked": {
        "lastModified": 1664784283,
        "narHash": "sha256-thppiiV3wjIaZnAXmsh7j3DUc6ceSCvGzviwFUnoPaI=",
        "owner": "hrsh7th",
        "repo": "cmp-path",
        "rev": "91ff86cd9c29299a64f968ebb45846c485725f23",
        "type": "github"
      },
      "original": {
        "owner": "hrsh7th",
        "repo": "cmp-path",
        "type": "github"
      }
    },
    "cmp_luasnip": {
      "flake": false,
      "locked": {
        "lastModified": 1666943769,
        "narHash": "sha256-Z5SPy3j2oHFxJ7bK8DP8Q/oRyLEMlnWyIfDaQcNVIS0=",
        "owner": "saadparwaiz1",
        "repo": "cmp_luasnip",
        "rev": "18095520391186d634a0045dacaa346291096566",
        "type": "github"
      },
      "original": {
        "owner": "saadparwaiz1",
        "repo": "cmp_luasnip",
        "type": "github"
      }
    },
    "comment-nvim": {
      "flake": false,
      "locked": {
        "lastModified": 1678452935,
        "narHash": "sha256-mVJJJ9fUJYgVyGZnW8e6P5QWB0K8nuhTwSWzlBvxv2M=",
        "owner": "numToStr",
        "repo": "Comment.nvim",
        "rev": "8d3aa5c22c2d45e788c7a5fe13ad77368b783c20",
        "type": "github"
      },
      "original": {
        "owner": "numToStr",
        "repo": "Comment.nvim",
        "type": "github"
      }
    },
    "flake-utils": {
      "locked": {
        "lastModified": 1667395993,
        "narHash": "sha256-nuEHfE/LcWyuSWnS8t12N1wc105Qtau+/OdUAjtQ0rA=",
        "owner": "numtide",
        "repo": "flake-utils",
        "rev": "5aed5285a952e0b949eb3ba02c12fa4fcfef535f",
        "type": "github"
      },
      "original": {
        "owner": "numtide",
        "repo": "flake-utils",
        "type": "github"
      }
    },
    "friendly-snippets": {
      "flake": false,
      "locked": {
        "lastModified": 1679822862,
        "narHash": "sha256-2vO4PfwtpstVQtaOd63i3+/yzShM0zDUmC07kRXThUg=",
        "owner": "rafamadriz",
        "repo": "friendly-snippets",
        "rev": "8d91ba2dc2421a54981115f61b914974f938fa77",
        "type": "github"
      },
      "original": {
        "owner": "rafamadriz",
        "repo": "friendly-snippets",
        "type": "github"
      }
    },
    "gitsigns-nvim": {
      "flake": false,
      "locked": {
        "lastModified": 1679495319,
        "narHash": "sha256-McgT3aQ21uiBRMbcHNf10frE2aJDO0TStSoc1Um0n20=",
        "owner": "lewis6991",
        "repo": "gitsigns.nvim",
        "rev": "ca473e28382f1524aa3d2b6f04bcf54f2e6a64cb",
        "type": "github"
      },
      "original": {
        "owner": "lewis6991",
        "repo": "gitsigns.nvim",
        "type": "github"
      }
    },
    "heirline-nvim": {
      "flake": false,
      "locked": {
        "lastModified": 1679833493,
        "narHash": "sha256-Q+OptxBJ2r5DinzY5ddn5l1spaZyoE4bpSkYI9VlhpA=",
        "owner": "rebelot",
        "repo": "heirline.nvim",
        "rev": "b55ad4af04d9c45dd8328fea65abb0b17274d6f0",
        "type": "github"
      },
      "original": {
        "owner": "rebelot",
        "repo": "heirline.nvim",
        "type": "github"
      }
    },
    "indent-blankline-nvim": {
      "flake": false,
      "locked": {
        "lastModified": 1676854912,
        "narHash": "sha256-dBm0vnza+fBYxlgUDR1/57GZ+kd7CUVgkQIcZEFWl9k=",
        "owner": "lukas-reineke",
        "repo": "indent-blankline.nvim",
        "rev": "018bd04d80c9a73d399c1061fa0c3b14a7614399",
        "type": "github"
      },
      "original": {
        "owner": "lukas-reineke",
        "repo": "indent-blankline.nvim",
        "type": "github"
      }
    },
    "leap-nvim": {
      "flake": false,
      "locked": {
        "lastModified": 1678823512,
        "narHash": "sha256-bzmsib8Qr2Whu1FqHzvrsIfSKf/CFutsaM3Sz8gaTLo=",
        "owner": "ggandor",
        "repo": "leap.nvim",
        "rev": "f74473d23ebf60957e0db3ff8172349a82e5a442",
        "type": "github"
      },
      "original": {
        "owner": "ggandor",
        "repo": "leap.nvim",
        "type": "github"
      }
    },
    "leap-spooky-nvim": {
      "flake": false,
      "locked": {
        "lastModified": 1678038793,
        "narHash": "sha256-2nJkkFYRxwIyc2S6heKHpbtqVlSYdqRyDBWL2mdqbks=",
        "owner": "ggandor",
        "repo": "leap-spooky.nvim",
        "rev": "79a7a3f28897d99e5da970e7121ac8ff738e1554",
        "type": "github"
      },
      "original": {
        "owner": "ggandor",
        "repo": "leap-spooky.nvim",
        "type": "github"
      }
    },
    "lualine-nvim": {
      "flake": false,
      "locked": {
        "lastModified": 1676394253,
        "narHash": "sha256-mItWWRqWj9a/JaW8sccnGBijBsvvnh/b4q/S60UwYwc=",
        "owner": "nvim-lualine",
        "repo": "lualine.nvim",
        "rev": "e99d733e0213ceb8f548ae6551b04ae32e590c80",
        "type": "github"
      },
      "original": {
        "owner": "nvim-lualine",
        "repo": "lualine.nvim",
        "type": "github"
      }
    },
    "luasnip": {
      "flake": false,
      "locked": {
        "lastModified": 1679948630,
        "narHash": "sha256-aZ3q/x/c46010iDbynTREx/+bWOCw9Lbwx/wM47HLEY=",
        "owner": "L3MON4D3",
        "repo": "LuaSnip",
        "rev": "bc8ec05022743d3f08bda7a76c6bb5e9a9024581",
        "type": "github"
      },
      "original": {
        "owner": "L3MON4D3",
        "repo": "LuaSnip",
        "type": "github"
      }
    },
    "mkdnflow": {
      "flake": false,
      "locked": {
        "lastModified": 1679139602,
        "narHash": "sha256-Dr0bmwFtV00JwPYE2QUedtmzz6Zf9uv5cPvd+OteE1w=",
        "owner": "jakewvincent",
        "repo": "mkdnflow.nvim",
        "rev": "587fbc12a06bb89df5601ae19df94ecbc82b6ec0",
        "type": "github"
      },
      "original": {
        "owner": "jakewvincent",
        "repo": "mkdnflow.nvim",
        "type": "github"
      }
    },
    "neo-tree-nvim": {
      "flake": false,
      "locked": {
        "lastModified": 1679179244,
        "narHash": "sha256-6xGM9r1SRHVCL2VCr+QJXSQIZm+g2sioq00BWc7/+4Y=",
        "owner": "nvim-neo-tree",
        "repo": "neo-tree.nvim",
        "rev": "20c2f2f5ba083bbb1e37b8bc3d590621434f31e9",
        "type": "github"
      },
      "original": {
        "owner": "nvim-neo-tree",
        "ref": "v2.x",
        "repo": "neo-tree.nvim",
        "type": "github"
      }
    },
    "neorg": {
      "flake": false,
      "locked": {
        "lastModified": 1680050860,
        "narHash": "sha256-AKWKA8fzJks0opAfxeaC2jGLtmUGitm6eOXXfOffBqs=",
        "owner": "nvim-neorg",
        "repo": "neorg",
        "rev": "01d8a9b2db38a28fd40851b894e9d146d279c892",
        "type": "github"
      },
      "original": {
        "owner": "nvim-neorg",
        "repo": "neorg",
        "type": "github"
      }
    },
    "neovim-nightly": {
      "inputs": {
        "flake-utils": "flake-utils",
        "nixpkgs": [
          "nixpkgs"
        ]
      },
      "locked": {
        "dir": "contrib",
        "lastModified": 1680022018,
        "narHash": "sha256-RWf9ZNxp9ddHT+DM5ZSF7CEHDZp/H6Wkm86zUGs3TjI=",
        "owner": "neovim",
        "repo": "neovim",
        "rev": "eac75a971d042bd610310314e6c64097694ee418",
        "type": "github"
      },
      "original": {
        "dir": "contrib",
        "owner": "neovim",
        "repo": "neovim",
        "type": "github"
      }
    },
    "nixpkgs": {
      "locked": {
        "lastModified": 1679944645,
        "narHash": "sha256-e5Qyoe11UZjVfgRfwNoSU57ZeKuEmjYb77B9IVW7L/M=",
        "owner": "nixos",
        "repo": "nixpkgs",
        "rev": "4bb072f0a8b267613c127684e099a70e1f6ff106",
        "type": "github"
      },
      "original": {
        "owner": "nixos",
        "ref": "nixos-unstable",
        "repo": "nixpkgs",
        "type": "github"
      }
    },
    "noice-nvim": {
      "flake": false,
      "locked": {
        "lastModified": 1679827108,
        "narHash": "sha256-05/yAwaoz7mAAKXP1CsRXUoqsTW/z1wAT0OodiYJw6M=",
        "owner": "folke",
        "repo": "noice.nvim",
        "rev": "1da4edfba3e9278e98fc9723d7235d9ab3889744",
        "type": "github"
      },
      "original": {
        "owner": "folke",
        "repo": "noice.nvim",
        "type": "github"
      }
    },
    "nui-nvim": {
      "flake": false,
      "locked": {
        "lastModified": 1677566469,
        "narHash": "sha256-xHpNGJ8ikTMiWHAtqaZg5IVKSngH/k0LN7WaOHl2iz8=",
        "owner": "MunifTanjim",
        "repo": "nui.nvim",
        "rev": "0dc148c6ec06577fcf06cbab3b7dac96d48ba6be",
        "type": "github"
      },
      "original": {
        "owner": "MunifTanjim",
        "repo": "nui.nvim",
        "type": "github"
      }
    },
    "null-ls-nvim": {
      "flake": false,
      "locked": {
        "lastModified": 1679586153,
        "narHash": "sha256-kWmPlMtv0LIksakW49Fobm1uzAuwxxLdNS3UvyMDNtY=",
        "owner": "jose-elias-alvarez",
        "repo": "null-ls.nvim",
        "rev": "0180603b6f3cee40f83c6fc226b9ac5f85e691c4",
        "type": "github"
      },
      "original": {
        "owner": "jose-elias-alvarez",
        "repo": "null-ls.nvim",
        "type": "github"
      }
    },
    "nvim-autopairs": {
      "flake": false,
      "locked": {
        "lastModified": 1679861399,
        "narHash": "sha256-G5D07KozNj48CxzcMevf1+ZqJEMXQql7VfWUseg6Rzc=",
        "owner": "windwp",
        "repo": "nvim-autopairs",
        "rev": "0fd6519d44eac3a6736aafdb3fe9da916c3701d4",
        "type": "github"
      },
      "original": {
        "owner": "windwp",
        "repo": "nvim-autopairs",
        "type": "github"
      }
    },
    "nvim-cmp": {
      "flake": false,
      "locked": {
        "lastModified": 1679026924,
        "narHash": "sha256-CoHGIiZrhRAHZ/Er0JSQMapI7jwllNF5OysLlx2QEik=",
        "owner": "hrsh7th",
        "repo": "nvim-cmp",
        "rev": "777450fd0ae289463a14481673e26246b5e38bf2",
        "type": "github"
      },
      "original": {
        "owner": "hrsh7th",
        "repo": "nvim-cmp",
        "type": "github"
      }
    },
    "nvim-lspconfig": {
      "flake": false,
      "locked": {
        "lastModified": 1679873202,
        "narHash": "sha256-qDkx+tNEy8sN+9vM9jRuyHcV1Y1vPX2EPUZxtV5otto=",
        "owner": "neovim",
        "repo": "nvim-lspconfig",
        "rev": "c5505c70571b094663745167d40388edd40f6450",
        "type": "github"
      },
      "original": {
        "owner": "neovim",
        "repo": "nvim-lspconfig",
        "type": "github"
      }
    },
    "nvim-notify": {
      "flake": false,
      "locked": {
        "lastModified": 1679522899,
        "narHash": "sha256-xkDr0tASezDmnxyLb7JvzCjE/HPv4ckqiJsBmaSR+Fs=",
        "owner": "rcarriga",
        "repo": "nvim-notify",
        "rev": "50d037041ada0895aeba4c0215cde6d11b7729c4",
        "type": "github"
      },
      "original": {
        "owner": "rcarriga",
        "repo": "nvim-notify",
        "type": "github"
      }
    },
    "nvim-treesitter": {
      "flake": false,
      "locked": {
        "lastModified": 1679989059,
        "narHash": "sha256-xbCs/OZlWrlFNaGi+o/HzOQ6i79Qponc1es3gi7Kc6U=",
        "owner": "nvim-treesitter",
        "repo": "nvim-treesitter",
        "rev": "5a7a2ad172bcc40c53aa274dff05aacb5074b509",
        "type": "github"
      },
      "original": {
        "owner": "nvim-treesitter",
        "repo": "nvim-treesitter",
        "type": "github"
      }
    },
    "nvim-ts-autotag": {
      "flake": false,
      "locked": {
        "lastModified": 1679019585,
        "narHash": "sha256-XNR09azYMviWt8aU8XuhS7q+AT5xRBK+FkeejlAAshg=",
        "owner": "windwp",
        "repo": "nvim-ts-autotag",
        "rev": "25698e4033cd6cd3745454bfc837dd670eba0480",
        "type": "github"
      },
      "original": {
        "owner": "windwp",
        "repo": "nvim-ts-autotag",
        "type": "github"
      }
    },
    "nvim-ts-context-commentstring": {
      "flake": false,
      "locked": {
        "lastModified": 1678029730,
        "narHash": "sha256-cJ8a6h6mh6v6fzRULPZBbdlbQi97ngjeoc4yzc63rrU=",
        "owner": "JoosepAlviste",
        "repo": "nvim-ts-context-commentstring",
        "rev": "729d83ecb990dc2b30272833c213cc6d49ed5214",
        "type": "github"
      },
      "original": {
        "owner": "JoosepAlviste",
        "repo": "nvim-ts-context-commentstring",
        "type": "github"
      }
    },
    "nvim-web-devicons": {
      "flake": false,
      "locked": {
        "lastModified": 1679999717,
        "narHash": "sha256-KvUu6Hwlj3ZTdMQYRnf7N+bpC2GUuhVHz16is4c4rdI=",
        "owner": "kyazdani42",
        "repo": "nvim-web-devicons",
        "rev": "267af2d57e0f251d65b95bdfd1f382211b272417",
        "type": "github"
      },
      "original": {
        "owner": "kyazdani42",
        "repo": "nvim-web-devicons",
        "type": "github"
      }
    },
    "plenary-nvim": {
      "flake": false,
      "locked": {
        "lastModified": 1676797549,
        "narHash": "sha256-z5JHuQcF1EvySnRBywl6EOrp8aRO0nd2dnkXJg2ge58=",
        "owner": "nvim-lua",
        "repo": "plenary.nvim",
        "rev": "253d34830709d690f013daf2853a9d21ad7accab",
        "type": "github"
      },
      "original": {
        "owner": "nvim-lua",
        "repo": "plenary.nvim",
        "type": "github"
      }
    },
    "popup-nvim": {
      "flake": false,
      "locked": {
        "lastModified": 1637254091,
        "narHash": "sha256-dNWz/xovUg55fDZUpVs/2kLphk3lqQyvPtc9ATwbeSQ=",
        "owner": "nvim-lua",
        "repo": "popup.nvim",
        "rev": "b7404d35d5d3548a82149238289fa71f7f6de4ac",
        "type": "github"
      },
      "original": {
        "owner": "nvim-lua",
        "repo": "popup.nvim",
        "type": "github"
      }
    },
    "root": {
      "inputs": {
        "SchemaStore-nvim": "SchemaStore-nvim",
        "alpha-nvim": "alpha-nvim",
        "bufferline-nvim": "bufferline-nvim",
        "ccc-nvim": "ccc-nvim",
        "cmp-buffer": "cmp-buffer",
        "cmp-cmdline": "cmp-cmdline",
        "cmp-nvim-lsp": "cmp-nvim-lsp",
        "cmp-path": "cmp-path",
        "cmp_luasnip": "cmp_luasnip",
        "comment-nvim": "comment-nvim",
        "friendly-snippets": "friendly-snippets",
        "gitsigns-nvim": "gitsigns-nvim",
        "heirline-nvim": "heirline-nvim",
        "indent-blankline-nvim": "indent-blankline-nvim",
        "leap-nvim": "leap-nvim",
        "leap-spooky-nvim": "leap-spooky-nvim",
        "lualine-nvim": "lualine-nvim",
        "luasnip": "luasnip",
        "mkdnflow": "mkdnflow",
        "neo-tree-nvim": "neo-tree-nvim",
        "neorg": "neorg",
        "neovim-nightly": "neovim-nightly",
        "nixpkgs": "nixpkgs",
        "noice-nvim": "noice-nvim",
        "nui-nvim": "nui-nvim",
        "null-ls-nvim": "null-ls-nvim",
        "nvim-autopairs": "nvim-autopairs",
        "nvim-cmp": "nvim-cmp",
        "nvim-lspconfig": "nvim-lspconfig",
        "nvim-notify": "nvim-notify",
        "nvim-treesitter": "nvim-treesitter",
        "nvim-ts-autotag": "nvim-ts-autotag",
        "nvim-ts-context-commentstring": "nvim-ts-context-commentstring",
        "nvim-web-devicons": "nvim-web-devicons",
        "plenary-nvim": "plenary-nvim",
        "popup-nvim": "popup-nvim",
        "telescope-nvim": "telescope-nvim",
        "todo-comments-nvim": "todo-comments-nvim",
        "toggleterm-nvim": "toggleterm-nvim",
        "tokyonight-nvim": "tokyonight-nvim",
        "tree-sitter-bash": "tree-sitter-bash",
        "tree-sitter-c": "tree-sitter-c",
        "tree-sitter-cpp": "tree-sitter-cpp",
        "tree-sitter-css": "tree-sitter-css",
        "tree-sitter-dockerfile": "tree-sitter-dockerfile",
        "tree-sitter-gitignore": "tree-sitter-gitignore",
        "tree-sitter-graphql": "tree-sitter-graphql",
        "tree-sitter-haskell": "tree-sitter-haskell",
        "tree-sitter-html": "tree-sitter-html",
        "tree-sitter-javascript": "tree-sitter-javascript",
        "tree-sitter-json": "tree-sitter-json",
        "tree-sitter-latex": "tree-sitter-latex",
        "tree-sitter-lua": "tree-sitter-lua",
        "tree-sitter-make": "tree-sitter-make",
        "tree-sitter-markdown": "tree-sitter-markdown",
        "tree-sitter-markdown-inline": [
          "tree-sitter-markdown"
        ],
        "tree-sitter-nix": "tree-sitter-nix",
        "tree-sitter-norg": "tree-sitter-norg",
        "tree-sitter-python": "tree-sitter-python",
        "tree-sitter-regex": "tree-sitter-regex",
        "tree-sitter-rust": "tree-sitter-rust",
        "tree-sitter-scss": "tree-sitter-scss",
        "tree-sitter-svelte": "tree-sitter-svelte",
        "tree-sitter-toml": "tree-sitter-toml",
        "tree-sitter-typescript": "tree-sitter-typescript",
        "tree-sitter-vim": "tree-sitter-vim",
        "tree-sitter-yuck": "tree-sitter-yuck",
        "zk-nvim": "zk-nvim"
      }
    },
    "telescope-nvim": {
      "flake": false,
      "locked": {
        "lastModified": 1679492995,
        "narHash": "sha256-Kyw9ryb8YgAKFWLac9yl/fD3nNcu7mv7xzuNU6pDMkU=",
        "owner": "nvim-telescope",
        "repo": "telescope.nvim",
        "rev": "942fe5faef47b21241e970551eba407bc10d9547",
        "type": "github"
      },
      "original": {
        "owner": "nvim-telescope",
        "repo": "telescope.nvim",
        "type": "github"
      }
    },
    "todo-comments-nvim": {
      "flake": false,
      "locked": {
        "lastModified": 1679827126,
        "narHash": "sha256-Y7vZ6SeEQOEJ+MuufHCga10clrJK/cy4Y3MiHcLENIA=",
        "owner": "folke",
        "repo": "todo-comments.nvim",
        "rev": "0874bda6848ff6f3da3ffdf4bd8297a5c951c5d4",
        "type": "github"
      },
      "original": {
        "owner": "folke",
        "repo": "todo-comments.nvim",
        "type": "github"
      }
    },
    "toggleterm-nvim": {
      "flake": false,
      "locked": {
        "lastModified": 1679785398,
        "narHash": "sha256-Y4Pi4h2wIBboKvhewGQ3KPqrntv8B5jhT0mQwAkbEF8=",
        "owner": "akinsho",
        "repo": "toggleterm.nvim",
        "rev": "ed6c92d6708e5208360347f2281de99602061dc8",
        "type": "github"
      },
      "original": {
        "owner": "akinsho",
        "repo": "toggleterm.nvim",
        "type": "github"
      }
    },
    "tokyonight-nvim": {
      "flake": false,
      "locked": {
        "lastModified": 1679554571,
        "narHash": "sha256-M1fX5o8w6MbDX46HiN1Nw9xjG4Z79zraPKi0VUpyyVU=",
        "owner": "folke",
        "repo": "tokyonight.nvim",
        "rev": "1b0c88094548a62641ece1e668fa9a234e1c539e",
        "type": "github"
      },
      "original": {
        "owner": "folke",
        "repo": "tokyonight.nvim",
        "type": "github"
      }
    },
    "tree-sitter-bash": {
      "flake": false,
      "locked": {
        "lastModified": 1678917668,
        "narHash": "sha256-2ARBWfjtnM9+FKfASk1s6L7cDnUFIV6U9wBld2s8WWM=",
        "owner": "tree-sitter",
        "repo": "tree-sitter-bash",
        "rev": "b338fa9f4807b9e0336cd4dde04948a8c324a4cf",
        "type": "github"
      },
      "original": {
        "owner": "tree-sitter",
        "repo": "tree-sitter-bash",
        "type": "github"
      }
    },
    "tree-sitter-c": {
      "flake": false,
      "locked": {
        "lastModified": 1677057875,
        "narHash": "sha256-TLaqolQEN3m3YuNo8JbuRyaEmbWQCWyJJUaDDv4GFDY=",
        "owner": "tree-sitter",
        "repo": "tree-sitter-c",
        "rev": "f35789006ccbe5be8db21d1a2dd4cc0b5a1286f2",
        "type": "github"
      },
      "original": {
        "owner": "tree-sitter",
        "repo": "tree-sitter-c",
        "type": "github"
      }
    },
    "tree-sitter-cpp": {
      "flake": false,
      "locked": {
        "lastModified": 1679855432,
        "narHash": "sha256-rsxRiZCrsEB/ixAP4YmxFtnCoDQrLAp75c74DFR0/nk=",
        "owner": "tree-sitter",
        "repo": "tree-sitter-cpp",
        "rev": "0b6d0eb9abdf7cea31961cd903eeed5bbd0aae74",
        "type": "github"
      },
      "original": {
        "owner": "tree-sitter",
        "repo": "tree-sitter-cpp",
        "type": "github"
      }
    },
    "tree-sitter-css": {
      "flake": false,
      "locked": {
        "lastModified": 1661968276,
        "narHash": "sha256-5Qti/bFac2A1PJxqZEOuSLK3GGKYwPDKAp3OOassBxU=",
        "owner": "tree-sitter",
        "repo": "tree-sitter-css",
        "rev": "769203d0f9abe1a9a691ac2b9fe4bb4397a73c51",
        "type": "github"
      },
      "original": {
        "owner": "tree-sitter",
        "repo": "tree-sitter-css",
        "type": "github"
      }
    },
    "tree-sitter-dockerfile": {
      "flake": false,
      "locked": {
        "lastModified": 1677038971,
        "narHash": "sha256-I73T3NuN/K9+R3itIJrNVjlyVr/432UT3HEf6LND+0c=",
        "owner": "camdencheek",
        "repo": "tree-sitter-dockerfile",
        "rev": "8ee3a0f7587b2bd8c45c8cb7d28bd414604aec62",
        "type": "github"
      },
      "original": {
        "owner": "camdencheek",
        "repo": "tree-sitter-dockerfile",
        "type": "github"
      }
    },
    "tree-sitter-gitignore": {
      "flake": false,
      "locked": {
        "lastModified": 1651706126,
        "narHash": "sha256-MjoY1tlVZgN6JqoTjhhg0zSdHzc8yplMr8824sfIKp8=",
        "owner": "shunsambongi",
        "repo": "tree-sitter-gitignore",
        "rev": "f4685bf11ac466dd278449bcfe5fd014e94aa504",
        "type": "github"
      },
      "original": {
        "owner": "shunsambongi",
        "repo": "tree-sitter-gitignore",
        "type": "github"
      }
    },
    "tree-sitter-graphql": {
      "flake": false,
      "locked": {
        "lastModified": 1620655769,
        "narHash": "sha256-NvE9Rpdp4sALqKSRWJpqxwl6obmqnIIdvrL1nK5peXc=",
        "owner": "bkegley",
        "repo": "tree-sitter-graphql",
        "rev": "5e66e961eee421786bdda8495ed1db045e06b5fe",
        "type": "github"
      },
      "original": {
        "owner": "bkegley",
        "repo": "tree-sitter-graphql",
        "type": "github"
      }
    },
    "tree-sitter-haskell": {
      "flake": false,
      "locked": {
        "lastModified": 1679664610,
        "narHash": "sha256-BDvzmFIGABtkWEUbi74o3vPLsiwNWsQDNura867vYpU=",
        "owner": "tree-sitter",
        "repo": "tree-sitter-haskell",
        "rev": "98fc7f59049aeb713ab9b72a8ff25dcaaef81087",
        "type": "github"
      },
      "original": {
        "owner": "tree-sitter",
        "repo": "tree-sitter-haskell",
        "type": "github"
      }
    },
    "tree-sitter-html": {
      "flake": false,
      "locked": {
        "lastModified": 1651852909,
        "narHash": "sha256-v84N9erFL+QMoxh1dtfVdAJ5iTCoiFcT3kQ2+yq8TXE=",
        "owner": "tree-sitter",
        "repo": "tree-sitter-html",
        "rev": "29f53d8f4f2335e61bf6418ab8958dac3282077a",
        "type": "github"
      },
      "original": {
        "owner": "tree-sitter",
        "repo": "tree-sitter-html",
        "type": "github"
      }
    },
    "tree-sitter-javascript": {
      "flake": false,
      "locked": {
        "lastModified": 1677243001,
        "narHash": "sha256-rSkLSXdthOS9wzXsC8D1Z1P0vmOT+APzeesvlN7ta6U=",
        "owner": "tree-sitter",
        "repo": "tree-sitter-javascript",
        "rev": "5720b249490b3c17245ba772f6be4a43edb4e3b7",
        "type": "github"
      },
      "original": {
        "owner": "tree-sitter",
        "repo": "tree-sitter-javascript",
        "type": "github"
      }
    },
    "tree-sitter-json": {
      "flake": false,
      "locked": {
        "lastModified": 1664826023,
        "narHash": "sha256-wbE7CQ6l1wlhJdAoDVAj1QzyvlYnevbrlVCO0TMU7to=",
        "owner": "tree-sitter",
        "repo": "tree-sitter-json",
        "rev": "73076754005a460947cafe8e03a8cf5fa4fa2938",
        "type": "github"
      },
      "original": {
        "owner": "tree-sitter",
        "repo": "tree-sitter-json",
        "type": "github"
      }
    },
    "tree-sitter-latex": {
      "flake": false,
      "locked": {
        "lastModified": 1677319658,
        "narHash": "sha256-9hcmCr9HfhKt5dkNN24haubrOySqpxzMoLVEGO53lxk=",
        "owner": "latex-lsp",
        "repo": "tree-sitter-latex",
        "rev": "376f64097b7a26691a2ca60dc94e4dfa417be932",
        "type": "github"
      },
      "original": {
        "owner": "latex-lsp",
        "repo": "tree-sitter-latex",
        "type": "github"
      }
    },
    "tree-sitter-lua": {
      "flake": false,
      "locked": {
        "lastModified": 1671182635,
        "narHash": "sha256-MbNP1/NKdSkUTydmK819o8vMKUZFan1yE7d227xMsh4=",
        "owner": "MunifTanjim",
        "repo": "tree-sitter-lua",
        "rev": "0fc89962b7ff5c7d676b8592c1cbce1ceaa806fd",
        "type": "github"
      },
      "original": {
        "owner": "MunifTanjim",
        "repo": "tree-sitter-lua",
        "type": "github"
      }
    },
    "tree-sitter-make": {
      "flake": false,
      "locked": {
        "lastModified": 1639674857,
        "narHash": "sha256-qQqapnKKH5X8rkxbZG5PjnyxvnpyZHpFVi/CLkIn/x0=",
        "owner": "alemuller",
        "repo": "tree-sitter-make",
        "rev": "a4b9187417d6be349ee5fd4b6e77b4172c6827dd",
        "type": "github"
      },
      "original": {
        "owner": "alemuller",
        "repo": "tree-sitter-make",
        "type": "github"
      }
    },
    "tree-sitter-markdown": {
      "flake": false,
      "locked": {
        "lastModified": 1678058555,
        "narHash": "sha256-P31TiBW5JqDfYJhWH6pGqD2aWan0Bo1Tl0ONEg7ePnM=",
        "owner": "Mdeiml",
        "repo": "tree-sitter-markdown",
        "rev": "fa6bfd51727e4bef99f7eec5f43947f73d64ea7d",
        "type": "github"
      },
      "original": {
        "owner": "Mdeiml",
        "repo": "tree-sitter-markdown",
        "type": "github"
      }
    },
    "tree-sitter-nix": {
      "flake": false,
      "locked": {
        "lastModified": 1678573917,
        "narHash": "sha256-9E4iQ7jr52ckmQJBrF9Vdwanrgm2I+Gi1lbC46I+4/g=",
        "owner": "cstrahan",
        "repo": "tree-sitter-nix",
        "rev": "02878b40ac77d2889833519c6b6e9e63cfc690e6",
        "type": "github"
      },
      "original": {
        "owner": "cstrahan",
        "repo": "tree-sitter-nix",
        "type": "github"
      }
    },
    "tree-sitter-norg": {
      "flake": false,
      "locked": {
        "lastModified": 1676231255,
        "narHash": "sha256-dfdykz5DnbuJvRdY3rYehzphIJgDl1efrsEgG2+BhvI=",
        "owner": "nvim-neorg",
        "repo": "tree-sitter-norg",
        "rev": "1a305093569632de50f9a316ff843dcda25b4ef5",
        "type": "github"
      },
      "original": {
        "owner": "nvim-neorg",
        "repo": "tree-sitter-norg",
        "type": "github"
      }
    },
    "tree-sitter-python": {
      "flake": false,
      "locked": {
        "lastModified": 1677601391,
        "narHash": "sha256-hVtX4Dyqrq+cSvKTmKMxLbAplcCdR8dfFDoIZNtPFA0=",
        "owner": "tree-sitter",
        "repo": "tree-sitter-python",
        "rev": "62827156d01c74dc1538266344e788da74536b8a",
        "type": "github"
      },
      "original": {
        "owner": "tree-sitter",
        "repo": "tree-sitter-python",
        "type": "github"
      }
    },
    "tree-sitter-regex": {
      "flake": false,
      "locked": {
        "lastModified": 1641231431,
        "narHash": "sha256-lDsr3sLrLf6wXu/juIA+bTtv1SBo+Jgwqw/6yBAE0kg=",
        "owner": "tree-sitter",
        "repo": "tree-sitter-regex",
        "rev": "e1cfca3c79896ff79842f057ea13e529b66af636",
        "type": "github"
      },
      "original": {
        "owner": "tree-sitter",
        "repo": "tree-sitter-regex",
        "type": "github"
      }
    },
    "tree-sitter-rust": {
      "flake": false,
      "locked": {
        "lastModified": 1677057929,
        "narHash": "sha256-hWooQfE7sWXfOkGai3hREoEulcwWT6XPT4xAc+dfjKk=",
        "owner": "tree-sitter",
        "repo": "tree-sitter-rust",
        "rev": "fbf9e507d09d8b3c0bb9dfc4d46c31039a47dc4a",
        "type": "github"
      },
      "original": {
        "owner": "tree-sitter",
        "repo": "tree-sitter-rust",
        "type": "github"
      }
    },
    "tree-sitter-scss": {
      "flake": false,
      "locked": {
        "lastModified": 1643924901,
        "narHash": "sha256-BFtMT6eccBWUyq6b8UXRAbB1R1XD3CrrFf1DM3aUI5c=",
        "owner": "serenadeai",
        "repo": "tree-sitter-scss",
        "rev": "c478c6868648eff49eb04a4df90d703dc45b312a",
        "type": "github"
      },
      "original": {
        "owner": "serenadeai",
        "repo": "tree-sitter-scss",
        "type": "github"
      }
    },
    "tree-sitter-svelte": {
      "flake": false,
      "locked": {
        "lastModified": 1657302940,
        "narHash": "sha256-ACRpn1/2d6/ambLvr0xr7kT9gTzFFHXtvbQRTxEoet0=",
        "owner": "Himujjal",
        "repo": "tree-sitter-svelte",
        "rev": "52e122ae68b316d3aa960a0a422d3645ba717f42",
        "type": "github"
      },
      "original": {
        "owner": "Himujjal",
        "repo": "tree-sitter-svelte",
        "type": "github"
      }
    },
    "tree-sitter-toml": {
      "flake": false,
      "locked": {
        "lastModified": 1620708452,
        "narHash": "sha256-z9MWNOBxLHBd/pVs5/QiSSGtaW+DUd7y3wZXcl3hWnk=",
        "owner": "ikatyang",
        "repo": "tree-sitter-toml",
        "rev": "8bd2056818b21860e3d756b5a58c4f6e05fb744e",
        "type": "github"
      },
      "original": {
        "owner": "ikatyang",
        "repo": "tree-sitter-toml",
        "type": "github"
      }
    },
    "tree-sitter-typescript": {
      "flake": false,
      "locked": {
        "lastModified": 1678616152,
        "narHash": "sha256-YJrjxU2VmkVHTHta531fsJrx+K4Xih5kpFVEEqmvz34=",
        "owner": "tree-sitter",
        "repo": "tree-sitter-typescript",
        "rev": "b66d19b9b6ec3edf3d8aff0c20646acbdaa0afb3",
        "type": "github"
      },
      "original": {
        "owner": "tree-sitter",
        "repo": "tree-sitter-typescript",
        "type": "github"
      }
    },
    "tree-sitter-vim": {
      "flake": false,
      "locked": {
        "lastModified": 1675659347,
        "narHash": "sha256-f3UAHwCL5yerEjmuDp+guzX4/ik4h7ProH5P8AmdO10=",
        "owner": "vigoux",
        "repo": "tree-sitter-viml",
        "rev": "e39a7bbcfdcfc7900629962b785c7e14503ae590",
        "type": "github"
      },
      "original": {
        "owner": "vigoux",
        "repo": "tree-sitter-viml",
        "type": "github"
      }
    },
    "tree-sitter-yuck": {
      "flake": false,
      "locked": {
        "lastModified": 1678462315,
        "narHash": "sha256-H4tsLDo9Egp1mpZGcA5Z9C9wPFNxPEBDTugUYKeYW9I=",
        "owner": "Philipp-M",
        "repo": "tree-sitter-yuck",
        "rev": "c348825d3f86dec71dee0e1223c6bd73114e3579",
        "type": "github"
      },
      "original": {
        "owner": "Philipp-M",
        "repo": "tree-sitter-yuck",
        "type": "github"
      }
    },
    "zk-nvim": {
      "flake": false,
      "locked": {
        "lastModified": 1679470099,
        "narHash": "sha256-8sC0KhmKQyl5ywgJvvqgq+HalvA+rrAKJqYp3+rphvw=",
        "owner": "mickael-menu",
        "repo": "zk-nvim",
        "rev": "50fc25b88fb28829ec7f5e5a4d4b458fca21a550",
        "type": "github"
      },
      "original": {
        "owner": "mickael-menu",
        "repo": "zk-nvim",
        "type": "github"
      }
    }
  },
  "root": "root",
  "version": 7
}
