{
  "nodes": {
    "SchemaStore-nvim": {
      "flake": false,
      "locked": {
        "lastModified": 1681750858,
        "narHash": "sha256-ZVCFe74vTQl7joDY1VmRCG3ot4CMH7w18cxQi5KvxMc=",
        "owner": "b0o",
        "repo": "SchemaStore.nvim",
        "rev": "5e1225507dbc46710e7f2bec86f2444e578a959e",
        "type": "github"
      },
      "original": {
        "owner": "b0o",
        "repo": "SchemaStore.nvim",
        "type": "github"
      }
    },
    "alpha-nvim": {
      "flake": false,
      "locked": {
        "lastModified": 1681755353,
        "narHash": "sha256-yiwFWoz7C+VYL0hrDobTINE4K1v4sbB8koZuURAKlzw=",
        "owner": "goolord",
        "repo": "alpha-nvim",
        "rev": "87c204040e3f5d4c1c95067b35905d8f8a2f2545",
        "type": "github"
      },
      "original": {
        "owner": "goolord",
        "repo": "alpha-nvim",
        "type": "github"
      }
    },
    "cmp-buffer": {
      "flake": false,
      "locked": {
        "lastModified": 1660101488,
        "narHash": "sha256-dG4U7MtnXThoa/PD+qFtCt76MQ14V1wX8GMYcvxEnbM=",
        "owner": "hrsh7th",
        "repo": "cmp-buffer",
        "rev": "3022dbc9166796b644a841a02de8dd1cc1d311fa",
        "type": "github"
      },
      "original": {
        "owner": "hrsh7th",
        "repo": "cmp-buffer",
        "type": "github"
      }
    },
    "cmp-cmdline": {
      "flake": false,
      "locked": {
        "lastModified": 1681489390,
        "narHash": "sha256-K0oituxb4z916VFqK1dsFtEG8ajTpNZSqmcdFb9fkx8=",
        "owner": "hrsh7th",
        "repo": "cmp-cmdline",
        "rev": "af88e700417c6449719fc77f6f3745f88e42d5da",
        "type": "github"
      },
      "original": {
        "owner": "hrsh7th",
        "repo": "cmp-cmdline",
        "type": "github"
      }
    },
    "cmp-nvim-lsp": {
      "flake": false,
      "locked": {
        "lastModified": 1675708067,
        "narHash": "sha256-DxpcPTBlvVP88PDoTheLV2fC76EXDqS2UpM5mAfj/D4=",
        "owner": "hrsh7th",
        "repo": "cmp-nvim-lsp",
        "rev": "0e6b2ed705ddcff9738ec4ea838141654f12eeef",
        "type": "github"
      },
      "original": {
        "owner": "hrsh7th",
        "repo": "cmp-nvim-lsp",
        "type": "github"
      }
    },
    "cmp-path": {
      "flake": false,
      "locked": {
        "lastModified": 1664784283,
        "narHash": "sha256-thppiiV3wjIaZnAXmsh7j3DUc6ceSCvGzviwFUnoPaI=",
        "owner": "hrsh7th",
        "repo": "cmp-path",
        "rev": "91ff86cd9c29299a64f968ebb45846c485725f23",
        "type": "github"
      },
      "original": {
        "owner": "hrsh7th",
        "repo": "cmp-path",
        "type": "github"
      }
    },
    "cmp_luasnip": {
      "flake": false,
      "locked": {
        "lastModified": 1666943769,
        "narHash": "sha256-Z5SPy3j2oHFxJ7bK8DP8Q/oRyLEMlnWyIfDaQcNVIS0=",
        "owner": "saadparwaiz1",
        "repo": "cmp_luasnip",
        "rev": "18095520391186d634a0045dacaa346291096566",
        "type": "github"
      },
      "original": {
        "owner": "saadparwaiz1",
        "repo": "cmp_luasnip",
        "type": "github"
      }
    },
    "comment-nvim": {
      "flake": false,
      "locked": {
        "lastModified": 1681289112,
        "narHash": "sha256-Zrxf50YlAaCERZFAbg4Ece+wI4buHl+K2IIw0qpASGA=",
        "owner": "numToStr",
        "repo": "Comment.nvim",
        "rev": "a89339ffbee677ab0521a483b6dac7e2e67c907e",
        "type": "github"
      },
      "original": {
        "owner": "numToStr",
        "repo": "Comment.nvim",
        "type": "github"
      }
    },
    "flake-utils": {
      "locked": {
        "lastModified": 1667395993,
        "narHash": "sha256-nuEHfE/LcWyuSWnS8t12N1wc105Qtau+/OdUAjtQ0rA=",
        "owner": "numtide",
        "repo": "flake-utils",
        "rev": "5aed5285a952e0b949eb3ba02c12fa4fcfef535f",
        "type": "github"
      },
      "original": {
        "owner": "numtide",
        "repo": "flake-utils",
        "type": "github"
      }
    },
    "friendly-snippets": {
      "flake": false,
      "locked": {
        "lastModified": 1681619508,
        "narHash": "sha256-IH6g9LPKcd+bi/kIB37iKBOz/ZmnioXdllW3JE8l8ic=",
        "owner": "rafamadriz",
        "repo": "friendly-snippets",
        "rev": "b1b78a6433268fc172adb5a843e165035e83861e",
        "type": "github"
      },
      "original": {
        "owner": "rafamadriz",
        "repo": "friendly-snippets",
        "type": "github"
      }
    },
    "gitsigns-nvim": {
      "flake": false,
      "locked": {
        "lastModified": 1680593514,
        "narHash": "sha256-nUVVEO06giiJURxT7qNHbX9C1ljZtchUeOdEoCQBk3E=",
        "owner": "lewis6991",
        "repo": "gitsigns.nvim",
        "rev": "372d5cb485f2062ac74abc5b33054abac21d8b58",
        "type": "github"
      },
      "original": {
        "owner": "lewis6991",
        "repo": "gitsigns.nvim",
        "type": "github"
      }
    },
    "heirline-nvim": {
      "flake": false,
      "locked": {
        "lastModified": 1681281740,
        "narHash": "sha256-mahDA/cL/ZXNaFhvglaM/LDLZOFqJRlbTJLKkiucoj4=",
        "owner": "rebelot",
        "repo": "heirline.nvim",
        "rev": "b5bbb8b4e4e24dccd4a2f20e38a2be0b58fb7fc5",
        "type": "github"
      },
      "original": {
        "owner": "rebelot",
        "repo": "heirline.nvim",
        "type": "github"
      }
    },
    "indent-blankline-nvim": {
      "flake": false,
      "locked": {
        "lastModified": 1676854912,
        "narHash": "sha256-dBm0vnza+fBYxlgUDR1/57GZ+kd7CUVgkQIcZEFWl9k=",
        "owner": "lukas-reineke",
        "repo": "indent-blankline.nvim",
        "rev": "018bd04d80c9a73d399c1061fa0c3b14a7614399",
        "type": "github"
      },
      "original": {
        "owner": "lukas-reineke",
        "repo": "indent-blankline.nvim",
        "type": "github"
      }
    },
    "leap-nvim": {
      "flake": false,
      "locked": {
        "lastModified": 1681071698,
        "narHash": "sha256-CDNaQCbEQZQGklIQ8zvX+kL8AgFz4/otuRf9U5qZYP0=",
        "owner": "ggandor",
        "repo": "leap.nvim",
        "rev": "98a72ad93c629c49bd7127d342960cc1b159b620",
        "type": "github"
      },
      "original": {
        "owner": "ggandor",
        "repo": "leap.nvim",
        "type": "github"
      }
    },
    "leap-spooky-nvim": {
      "flake": false,
      "locked": {
        "lastModified": 1681774353,
        "narHash": "sha256-mkbfGTSLCB2Srjjk3FfacP7HazxwSW0F/7AOfp/vv/g=",
        "owner": "ggandor",
        "repo": "leap-spooky.nvim",
        "rev": "3e940464b1728b22052dd565accc949c0b02b025",
        "type": "github"
      },
      "original": {
        "owner": "ggandor",
        "repo": "leap-spooky.nvim",
        "type": "github"
      }
    },
    "luasnip": {
      "flake": false,
      "locked": {
        "lastModified": 1681769001,
        "narHash": "sha256-ymH5iiMcCAfpU2W/2W6cFbQgZUSRSieUmdsWoizTaZg=",
        "owner": "L3MON4D3",
        "repo": "LuaSnip",
        "rev": "8d6c0a93dec34900577ba725e91c44b8d3ca1f45",
        "type": "github"
      },
      "original": {
        "owner": "L3MON4D3",
        "repo": "LuaSnip",
        "type": "github"
      }
    },
    "mkdnflow": {
      "flake": false,
      "locked": {
        "lastModified": 1680474378,
        "narHash": "sha256-M85FZ1gLplVOF3hKaTAJzSXqqrbKDLburmW8T2eXncY=",
        "owner": "jakewvincent",
        "repo": "mkdnflow.nvim",
        "rev": "5a9768fe09c614600fd2881f29c5cedf931f3e36",
        "type": "github"
      },
      "original": {
        "owner": "jakewvincent",
        "repo": "mkdnflow.nvim",
        "type": "github"
      }
    },
    "neo-tree-nvim": {
      "flake": false,
      "locked": {
        "lastModified": 1681732457,
        "narHash": "sha256-sUlIT2maxonQOPvcPItbm3Na000DB8idswpQ2nNUmkU=",
        "owner": "nvim-neo-tree",
        "repo": "neo-tree.nvim",
        "rev": "7a6b0d43d70636edfec183fb49c02f725765da73",
        "type": "github"
      },
      "original": {
        "owner": "nvim-neo-tree",
        "ref": "v2.x",
        "repo": "neo-tree.nvim",
        "type": "github"
      }
    },
    "neovim-nightly": {
      "inputs": {
        "flake-utils": "flake-utils",
        "nixpkgs": [
          "nixpkgs"
        ]
      },
      "locked": {
        "dir": "contrib",
        "lastModified": 1680022018,
        "narHash": "sha256-RWf9ZNxp9ddHT+DM5ZSF7CEHDZp/H6Wkm86zUGs3TjI=",
        "owner": "neovim",
        "repo": "neovim",
        "rev": "eac75a971d042bd610310314e6c64097694ee418",
        "type": "github"
      },
      "original": {
        "dir": "contrib",
        "owner": "neovim",
        "repo": "neovim",
        "rev": "eac75a971d042bd610310314e6c64097694ee418",
        "type": "github"
      }
    },
    "nixpkgs": {
      "locked": {
        "lastModified": 1681737997,
        "narHash": "sha256-pHhjgsIkRMu80LmVe8QoKIZB6VZGRRxFmIvsC5S89k4=",
        "owner": "nixos",
        "repo": "nixpkgs",
        "rev": "f00994e78cd39e6fc966f0c4103f908e63284780",
        "type": "github"
      },
      "original": {
        "owner": "nixos",
        "ref": "nixos-unstable",
        "repo": "nixpkgs",
        "type": "github"
      }
    },
    "noice-nvim": {
      "flake": false,
      "locked": {
        "lastModified": 1681713054,
        "narHash": "sha256-do/L2UpxyuKlTBBicMJHp0du71MzbuVM+P1dOAURAuY=",
        "owner": "folke",
        "repo": "noice.nvim",
        "rev": "5c63a32fde4e87631ddd768f5d7674ec5988c1a2",
        "type": "github"
      },
      "original": {
        "owner": "folke",
        "repo": "noice.nvim",
        "type": "github"
      }
    },
    "nui-nvim": {
      "flake": false,
      "locked": {
        "lastModified": 1681244240,
        "narHash": "sha256-IlbOt9fCBklx3i8OY2DZwa/8OV+yGOLBm8HUeVLseIw=",
        "owner": "MunifTanjim",
        "repo": "nui.nvim",
        "rev": "ecd9def93891b9260b15b5fcef542eaabf4145c9",
        "type": "github"
      },
      "original": {
        "owner": "MunifTanjim",
        "repo": "nui.nvim",
        "type": "github"
      }
    },
    "nvim-autopairs": {
      "flake": false,
      "locked": {
        "lastModified": 1681692125,
        "narHash": "sha256-QBzyI0Jfo4nj6Nqkm8qzICgyDhg7CiT+2gMTsuZ8rIQ=",
        "owner": "windwp",
        "repo": "nvim-autopairs",
        "rev": "58985de5eeab159462bc262de5cc1b9c9b375595",
        "type": "github"
      },
      "original": {
        "owner": "windwp",
        "repo": "nvim-autopairs",
        "type": "github"
      }
    },
    "nvim-cmp": {
      "flake": false,
      "locked": {
        "lastModified": 1679026924,
        "narHash": "sha256-CoHGIiZrhRAHZ/Er0JSQMapI7jwllNF5OysLlx2QEik=",
        "owner": "hrsh7th",
        "repo": "nvim-cmp",
        "rev": "777450fd0ae289463a14481673e26246b5e38bf2",
        "type": "github"
      },
      "original": {
        "owner": "hrsh7th",
        "repo": "nvim-cmp",
        "type": "github"
      }
    },
    "nvim-colorizer-lua": {
      "flake": false,
      "locked": {
        "lastModified": 1677493908,
        "narHash": "sha256-hShQabr+UafsP+yicWkHycWLTbPhOpRpoa9oTMMVZ9o=",
        "owner": "NvChad",
        "repo": "nvim-colorizer.lua",
        "rev": "dde3084106a70b9a79d48f426f6d6fec6fd203f7",
        "type": "github"
      },
      "original": {
        "owner": "NvChad",
        "repo": "nvim-colorizer.lua",
        "type": "github"
      }
    },
    "nvim-lspconfig": {
      "flake": false,
      "locked": {
        "lastModified": 1681647398,
        "narHash": "sha256-jrVzwC9nO2gLmIKQ9gTRW/fsXc4ad7/rR917Krmv874=",
        "owner": "neovim",
        "repo": "nvim-lspconfig",
        "rev": "eddaef928c1e1dd79a96f5db45f2fd7f2efe7ea0",
        "type": "github"
      },
      "original": {
        "owner": "neovim",
        "repo": "nvim-lspconfig",
        "type": "github"
      }
    },
    "nvim-notify": {
      "flake": false,
      "locked": {
        "lastModified": 1679522899,
        "narHash": "sha256-xkDr0tASezDmnxyLb7JvzCjE/HPv4ckqiJsBmaSR+Fs=",
        "owner": "rcarriga",
        "repo": "nvim-notify",
        "rev": "50d037041ada0895aeba4c0215cde6d11b7729c4",
        "type": "github"
      },
      "original": {
        "owner": "rcarriga",
        "repo": "nvim-notify",
        "type": "github"
      }
    },
    "nvim-treesitter": {
      "flake": false,
      "locked": {
        "lastModified": 1681786234,
        "narHash": "sha256-UIs1xjqMho4U/Gf5Vs5uUcgK1/lSvUdHWp3mz2idfD8=",
        "owner": "nvim-treesitter",
        "repo": "nvim-treesitter",
        "rev": "c79c37927bb6a937b5b85c45125db75dc204a6ef",
        "type": "github"
      },
      "original": {
        "owner": "nvim-treesitter",
        "repo": "nvim-treesitter",
        "type": "github"
      }
    },
    "nvim-ts-autotag": {
      "flake": false,
      "locked": {
        "lastModified": 1681387572,
        "narHash": "sha256-qi1PF75HeaAkHAvsinyXtfvggE12agUNnx7mrSsBiDo=",
        "owner": "windwp",
        "repo": "nvim-ts-autotag",
        "rev": "cac97f3b47bcb927db6d1d784c0c323056506ef3",
        "type": "github"
      },
      "original": {
        "owner": "windwp",
        "repo": "nvim-ts-autotag",
        "type": "github"
      }
    },
    "nvim-ts-context-commentstring": {
      "flake": false,
      "locked": {
        "lastModified": 1681653974,
        "narHash": "sha256-pbArY/whtoSkjgs7tipphO7DfAKpiB/elhRi7QWDf4Q=",
        "owner": "JoosepAlviste",
        "repo": "nvim-ts-context-commentstring",
        "rev": "ada15e97d7d48b409f8b135ced104e00e8479fb9",
        "type": "github"
      },
      "original": {
        "owner": "JoosepAlviste",
        "repo": "nvim-ts-context-commentstring",
        "type": "github"
      }
    },
    "nvim-web-devicons": {
      "flake": false,
      "locked": {
        "lastModified": 1681235235,
        "narHash": "sha256-lAjk2Kpyxabe21ut7xCvhE2+we8hsEZWpcJrYLbhWqM=",
        "owner": "kyazdani42",
        "repo": "nvim-web-devicons",
        "rev": "4ec26d67d419c12a4abaea02f1b6c57b40c08d7e",
        "type": "github"
      },
      "original": {
        "owner": "kyazdani42",
        "repo": "nvim-web-devicons",
        "type": "github"
      }
    },
    "plenary-nvim": {
      "flake": false,
      "locked": {
        "lastModified": 1681122243,
        "narHash": "sha256-tG+BrCgE1L7QMbchSzjLfQfpI09uTQXbx7OeFuVEcDQ=",
        "owner": "nvim-lua",
        "repo": "plenary.nvim",
        "rev": "9ac3e9541bbabd9d73663d757e4fe48a675bb054",
        "type": "github"
      },
      "original": {
        "owner": "nvim-lua",
        "repo": "plenary.nvim",
        "type": "github"
      }
    },
    "popup-nvim": {
      "flake": false,
      "locked": {
        "lastModified": 1637254091,
        "narHash": "sha256-dNWz/xovUg55fDZUpVs/2kLphk3lqQyvPtc9ATwbeSQ=",
        "owner": "nvim-lua",
        "repo": "popup.nvim",
        "rev": "b7404d35d5d3548a82149238289fa71f7f6de4ac",
        "type": "github"
      },
      "original": {
        "owner": "nvim-lua",
        "repo": "popup.nvim",
        "type": "github"
      }
    },
    "root": {
      "inputs": {
        "SchemaStore-nvim": "SchemaStore-nvim",
        "alpha-nvim": "alpha-nvim",
        "cmp-buffer": "cmp-buffer",
        "cmp-cmdline": "cmp-cmdline",
        "cmp-nvim-lsp": "cmp-nvim-lsp",
        "cmp-path": "cmp-path",
        "cmp_luasnip": "cmp_luasnip",
        "comment-nvim": "comment-nvim",
        "friendly-snippets": "friendly-snippets",
        "gitsigns-nvim": "gitsigns-nvim",
        "heirline-nvim": "heirline-nvim",
        "indent-blankline-nvim": "indent-blankline-nvim",
        "leap-nvim": "leap-nvim",
        "leap-spooky-nvim": "leap-spooky-nvim",
        "luasnip": "luasnip",
        "mkdnflow": "mkdnflow",
        "neo-tree-nvim": "neo-tree-nvim",
        "neovim-nightly": "neovim-nightly",
        "nixpkgs": "nixpkgs",
        "noice-nvim": "noice-nvim",
        "nui-nvim": "nui-nvim",
        "nvim-autopairs": "nvim-autopairs",
        "nvim-cmp": "nvim-cmp",
        "nvim-colorizer-lua": "nvim-colorizer-lua",
        "nvim-lspconfig": "nvim-lspconfig",
        "nvim-notify": "nvim-notify",
        "nvim-treesitter": "nvim-treesitter",
        "nvim-ts-autotag": "nvim-ts-autotag",
        "nvim-ts-context-commentstring": "nvim-ts-context-commentstring",
        "nvim-web-devicons": "nvim-web-devicons",
        "plenary-nvim": "plenary-nvim",
        "popup-nvim": "popup-nvim",
        "telescope-nvim": "telescope-nvim",
        "todo-comments-nvim": "todo-comments-nvim",
        "toggleterm-nvim": "toggleterm-nvim",
        "tokyonight-nvim": "tokyonight-nvim",
        "tree-sitter-bash": "tree-sitter-bash",
        "tree-sitter-c": "tree-sitter-c",
        "tree-sitter-cpp": "tree-sitter-cpp",
        "tree-sitter-css": "tree-sitter-css",
        "tree-sitter-dockerfile": "tree-sitter-dockerfile",
        "tree-sitter-gitignore": "tree-sitter-gitignore",
        "tree-sitter-graphql": "tree-sitter-graphql",
        "tree-sitter-haskell": "tree-sitter-haskell",
        "tree-sitter-html": "tree-sitter-html",
        "tree-sitter-javascript": "tree-sitter-javascript",
        "tree-sitter-json": "tree-sitter-json",
        "tree-sitter-latex": "tree-sitter-latex",
        "tree-sitter-lua": "tree-sitter-lua",
        "tree-sitter-make": "tree-sitter-make",
        "tree-sitter-markdown": "tree-sitter-markdown",
        "tree-sitter-markdown-inline": [
          "tree-sitter-markdown"
        ],
        "tree-sitter-nix": "tree-sitter-nix",
        "tree-sitter-norg": "tree-sitter-norg",
        "tree-sitter-python": "tree-sitter-python",
        "tree-sitter-regex": "tree-sitter-regex",
        "tree-sitter-rust": "tree-sitter-rust",
        "tree-sitter-scss": "tree-sitter-scss",
        "tree-sitter-svelte": "tree-sitter-svelte",
        "tree-sitter-toml": "tree-sitter-toml",
        "tree-sitter-typescript": "tree-sitter-typescript",
        "tree-sitter-vim": "tree-sitter-vim",
        "tree-sitter-yuck": "tree-sitter-yuck"
      }
    },
    "telescope-nvim": {
      "flake": false,
      "locked": {
        "lastModified": 1681122231,
        "narHash": "sha256-UMidzUf2nhG577Minzm3QYu0ZNPoK/rXEyUdvZ/5nFw=",
        "owner": "nvim-telescope",
        "repo": "telescope.nvim",
        "rev": "6258d50b09f9ae087317e392efe7c05a7323492d",
        "type": "github"
      },
      "original": {
        "owner": "nvim-telescope",
        "repo": "telescope.nvim",
        "type": "github"
      }
    },
    "todo-comments-nvim": {
      "flake": false,
      "locked": {
        "lastModified": 1680261407,
        "narHash": "sha256-Z4jaklYoU4TU/3UuK1krImqMzU6sNxJM/XWPCnNBuwo=",
        "owner": "folke",
        "repo": "todo-comments.nvim",
        "rev": "8febc60a76feefd8203077ef78b6a262ea1a41f9",
        "type": "github"
      },
      "original": {
        "owner": "folke",
        "repo": "todo-comments.nvim",
        "type": "github"
      }
    },
    "toggleterm-nvim": {
      "flake": false,
      "locked": {
        "lastModified": 1681296186,
        "narHash": "sha256-y8CvzzW4ezqdnSzeon39KVN1JEU+9SSJ78n51A5XHVQ=",
        "owner": "akinsho",
        "repo": "toggleterm.nvim",
        "rev": "1c5996ee3c30b54751093fe68d40676859e7778f",
        "type": "github"
      },
      "original": {
        "owner": "akinsho",
        "repo": "toggleterm.nvim",
        "type": "github"
      }
    },
    "tokyonight-nvim": {
      "flake": false,
      "locked": {
        "lastModified": 1681713069,
        "narHash": "sha256-2+lDMcKZZqt8gf4bzi/I5FitO+DSlxrmtTgrO+tXkvU=",
        "owner": "folke",
        "repo": "tokyonight.nvim",
        "rev": "ef8f5917f1a3972e6dd083c1ea74dafcb54f9917",
        "type": "github"
      },
      "original": {
        "owner": "folke",
        "repo": "tokyonight.nvim",
        "type": "github"
      }
    },
    "tree-sitter-bash": {
      "flake": false,
      "locked": {
        "lastModified": 1681645306,
        "narHash": "sha256-P5ne6DIQZElbGpSpwxbEQrufcUhekWWEhOhD0GHJ/AQ=",
        "owner": "tree-sitter",
        "repo": "tree-sitter-bash",
        "rev": "422a07cb221b92c6b117e854efa8945a506b5214",
        "type": "github"
      },
      "original": {
        "owner": "tree-sitter",
        "repo": "tree-sitter-bash",
        "type": "github"
      }
    },
    "tree-sitter-c": {
      "flake": false,
      "locked": {
        "lastModified": 1677057875,
        "narHash": "sha256-TLaqolQEN3m3YuNo8JbuRyaEmbWQCWyJJUaDDv4GFDY=",
        "owner": "tree-sitter",
        "repo": "tree-sitter-c",
        "rev": "f35789006ccbe5be8db21d1a2dd4cc0b5a1286f2",
        "type": "github"
      },
      "original": {
        "owner": "tree-sitter",
        "repo": "tree-sitter-c",
        "type": "github"
      }
    },
    "tree-sitter-cpp": {
      "flake": false,
      "locked": {
        "lastModified": 1681576184,
        "narHash": "sha256-T+Ha2hlI7ucEsTYvDmk7xjHNEoyvnotp/1EWfyCwnWM=",
        "owner": "tree-sitter",
        "repo": "tree-sitter-cpp",
        "rev": "670404d7c689be1c868a46f919ba2a3912f2b7ef",
        "type": "github"
      },
      "original": {
        "owner": "tree-sitter",
        "repo": "tree-sitter-cpp",
        "type": "github"
      }
    },
    "tree-sitter-css": {
      "flake": false,
      "locked": {
        "lastModified": 1661968276,
        "narHash": "sha256-5Qti/bFac2A1PJxqZEOuSLK3GGKYwPDKAp3OOassBxU=",
        "owner": "tree-sitter",
        "repo": "tree-sitter-css",
        "rev": "769203d0f9abe1a9a691ac2b9fe4bb4397a73c51",
        "type": "github"
      },
      "original": {
        "owner": "tree-sitter",
        "repo": "tree-sitter-css",
        "type": "github"
      }
    },
    "tree-sitter-dockerfile": {
      "flake": false,
      "locked": {
        "lastModified": 1677038971,
        "narHash": "sha256-I73T3NuN/K9+R3itIJrNVjlyVr/432UT3HEf6LND+0c=",
        "owner": "camdencheek",
        "repo": "tree-sitter-dockerfile",
        "rev": "8ee3a0f7587b2bd8c45c8cb7d28bd414604aec62",
        "type": "github"
      },
      "original": {
        "owner": "camdencheek",
        "repo": "tree-sitter-dockerfile",
        "type": "github"
      }
    },
    "tree-sitter-gitignore": {
      "flake": false,
      "locked": {
        "lastModified": 1651706126,
        "narHash": "sha256-MjoY1tlVZgN6JqoTjhhg0zSdHzc8yplMr8824sfIKp8=",
        "owner": "shunsambongi",
        "repo": "tree-sitter-gitignore",
        "rev": "f4685bf11ac466dd278449bcfe5fd014e94aa504",
        "type": "github"
      },
      "original": {
        "owner": "shunsambongi",
        "repo": "tree-sitter-gitignore",
        "type": "github"
      }
    },
    "tree-sitter-graphql": {
      "flake": false,
      "locked": {
        "lastModified": 1620655769,
        "narHash": "sha256-NvE9Rpdp4sALqKSRWJpqxwl6obmqnIIdvrL1nK5peXc=",
        "owner": "bkegley",
        "repo": "tree-sitter-graphql",
        "rev": "5e66e961eee421786bdda8495ed1db045e06b5fe",
        "type": "github"
      },
      "original": {
        "owner": "bkegley",
        "repo": "tree-sitter-graphql",
        "type": "github"
      }
    },
    "tree-sitter-haskell": {
      "flake": false,
      "locked": {
        "lastModified": 1679664610,
        "narHash": "sha256-BDvzmFIGABtkWEUbi74o3vPLsiwNWsQDNura867vYpU=",
        "owner": "tree-sitter",
        "repo": "tree-sitter-haskell",
        "rev": "98fc7f59049aeb713ab9b72a8ff25dcaaef81087",
        "type": "github"
      },
      "original": {
        "owner": "tree-sitter",
        "repo": "tree-sitter-haskell",
        "type": "github"
      }
    },
    "tree-sitter-html": {
      "flake": false,
      "locked": {
        "lastModified": 1681725054,
        "narHash": "sha256-mOJ1JUlsnFPH5jQcWdhWJkoZ0qOK1CTvmi/gEPzzeYk=",
        "owner": "tree-sitter",
        "repo": "tree-sitter-html",
        "rev": "86c253e675e7fdd1c0482efe0706f24bafbc3a7d",
        "type": "github"
      },
      "original": {
        "owner": "tree-sitter",
        "repo": "tree-sitter-html",
        "type": "github"
      }
    },
    "tree-sitter-javascript": {
      "flake": false,
      "locked": {
        "lastModified": 1677243001,
        "narHash": "sha256-rSkLSXdthOS9wzXsC8D1Z1P0vmOT+APzeesvlN7ta6U=",
        "owner": "tree-sitter",
        "repo": "tree-sitter-javascript",
        "rev": "5720b249490b3c17245ba772f6be4a43edb4e3b7",
        "type": "github"
      },
      "original": {
        "owner": "tree-sitter",
        "repo": "tree-sitter-javascript",
        "type": "github"
      }
    },
    "tree-sitter-json": {
      "flake": false,
      "locked": {
        "lastModified": 1664826023,
        "narHash": "sha256-wbE7CQ6l1wlhJdAoDVAj1QzyvlYnevbrlVCO0TMU7to=",
        "owner": "tree-sitter",
        "repo": "tree-sitter-json",
        "rev": "73076754005a460947cafe8e03a8cf5fa4fa2938",
        "type": "github"
      },
      "original": {
        "owner": "tree-sitter",
        "repo": "tree-sitter-json",
        "type": "github"
      }
    },
    "tree-sitter-latex": {
      "flake": false,
      "locked": {
        "lastModified": 1681637175,
        "narHash": "sha256-CHN54T4+eD7EGx4nzAIryAHOu8NCiBDjM2A7Njjt87w=",
        "owner": "latex-lsp",
        "repo": "tree-sitter-latex",
        "rev": "cd3cc493a92b6bac7be4b3bd6d006d35d3c36d4c",
        "type": "github"
      },
      "original": {
        "owner": "latex-lsp",
        "repo": "tree-sitter-latex",
        "type": "github"
      }
    },
    "tree-sitter-lua": {
      "flake": false,
      "locked": {
        "lastModified": 1671182635,
        "narHash": "sha256-MbNP1/NKdSkUTydmK819o8vMKUZFan1yE7d227xMsh4=",
        "owner": "MunifTanjim",
        "repo": "tree-sitter-lua",
        "rev": "0fc89962b7ff5c7d676b8592c1cbce1ceaa806fd",
        "type": "github"
      },
      "original": {
        "owner": "MunifTanjim",
        "repo": "tree-sitter-lua",
        "type": "github"
      }
    },
    "tree-sitter-make": {
      "flake": false,
      "locked": {
        "lastModified": 1639674857,
        "narHash": "sha256-qQqapnKKH5X8rkxbZG5PjnyxvnpyZHpFVi/CLkIn/x0=",
        "owner": "alemuller",
        "repo": "tree-sitter-make",
        "rev": "a4b9187417d6be349ee5fd4b6e77b4172c6827dd",
        "type": "github"
      },
      "original": {
        "owner": "alemuller",
        "repo": "tree-sitter-make",
        "type": "github"
      }
    },
    "tree-sitter-markdown": {
      "flake": false,
      "locked": {
        "lastModified": 1678058555,
        "narHash": "sha256-P31TiBW5JqDfYJhWH6pGqD2aWan0Bo1Tl0ONEg7ePnM=",
        "owner": "Mdeiml",
        "repo": "tree-sitter-markdown",
        "rev": "fa6bfd51727e4bef99f7eec5f43947f73d64ea7d",
        "type": "github"
      },
      "original": {
        "owner": "Mdeiml",
        "repo": "tree-sitter-markdown",
        "type": "github"
      }
    },
    "tree-sitter-nix": {
      "flake": false,
      "locked": {
        "lastModified": 1678573917,
        "narHash": "sha256-9E4iQ7jr52ckmQJBrF9Vdwanrgm2I+Gi1lbC46I+4/g=",
        "owner": "cstrahan",
        "repo": "tree-sitter-nix",
        "rev": "02878b40ac77d2889833519c6b6e9e63cfc690e6",
        "type": "github"
      },
      "original": {
        "owner": "cstrahan",
        "repo": "tree-sitter-nix",
        "type": "github"
      }
    },
    "tree-sitter-norg": {
      "flake": false,
      "locked": {
        "lastModified": 1676231255,
        "narHash": "sha256-dfdykz5DnbuJvRdY3rYehzphIJgDl1efrsEgG2+BhvI=",
        "owner": "nvim-neorg",
        "repo": "tree-sitter-norg",
        "rev": "1a305093569632de50f9a316ff843dcda25b4ef5",
        "type": "github"
      },
      "original": {
        "owner": "nvim-neorg",
        "repo": "tree-sitter-norg",
        "type": "github"
      }
    },
    "tree-sitter-python": {
      "flake": false,
      "locked": {
        "lastModified": 1677601391,
        "narHash": "sha256-hVtX4Dyqrq+cSvKTmKMxLbAplcCdR8dfFDoIZNtPFA0=",
        "owner": "tree-sitter",
        "repo": "tree-sitter-python",
        "rev": "62827156d01c74dc1538266344e788da74536b8a",
        "type": "github"
      },
      "original": {
        "owner": "tree-sitter",
        "repo": "tree-sitter-python",
        "type": "github"
      }
    },
    "tree-sitter-regex": {
      "flake": false,
      "locked": {
        "lastModified": 1641231431,
        "narHash": "sha256-lDsr3sLrLf6wXu/juIA+bTtv1SBo+Jgwqw/6yBAE0kg=",
        "owner": "tree-sitter",
        "repo": "tree-sitter-regex",
        "rev": "e1cfca3c79896ff79842f057ea13e529b66af636",
        "type": "github"
      },
      "original": {
        "owner": "tree-sitter",
        "repo": "tree-sitter-regex",
        "type": "github"
      }
    },
    "tree-sitter-rust": {
      "flake": false,
      "locked": {
        "lastModified": 1677057929,
        "narHash": "sha256-hWooQfE7sWXfOkGai3hREoEulcwWT6XPT4xAc+dfjKk=",
        "owner": "tree-sitter",
        "repo": "tree-sitter-rust",
        "rev": "fbf9e507d09d8b3c0bb9dfc4d46c31039a47dc4a",
        "type": "github"
      },
      "original": {
        "owner": "tree-sitter",
        "repo": "tree-sitter-rust",
        "type": "github"
      }
    },
    "tree-sitter-scss": {
      "flake": false,
      "locked": {
        "lastModified": 1643924901,
        "narHash": "sha256-BFtMT6eccBWUyq6b8UXRAbB1R1XD3CrrFf1DM3aUI5c=",
        "owner": "serenadeai",
        "repo": "tree-sitter-scss",
        "rev": "c478c6868648eff49eb04a4df90d703dc45b312a",
        "type": "github"
      },
      "original": {
        "owner": "serenadeai",
        "repo": "tree-sitter-scss",
        "type": "github"
      }
    },
    "tree-sitter-svelte": {
      "flake": false,
      "locked": {
        "lastModified": 1680544014,
        "narHash": "sha256-TJVAQULTBTZxVwvpBpFmBPJM1jh2aN+KG8YfuT+/ylg=",
        "owner": "Himujjal",
        "repo": "tree-sitter-svelte",
        "rev": "697bb515471871e85ff799ea57a76298a71a9cca",
        "type": "github"
      },
      "original": {
        "owner": "Himujjal",
        "repo": "tree-sitter-svelte",
        "type": "github"
      }
    },
    "tree-sitter-toml": {
      "flake": false,
      "locked": {
        "lastModified": 1620708452,
        "narHash": "sha256-z9MWNOBxLHBd/pVs5/QiSSGtaW+DUd7y3wZXcl3hWnk=",
        "owner": "ikatyang",
        "repo": "tree-sitter-toml",
        "rev": "8bd2056818b21860e3d756b5a58c4f6e05fb744e",
        "type": "github"
      },
      "original": {
        "owner": "ikatyang",
        "repo": "tree-sitter-toml",
        "type": "github"
      }
    },
    "tree-sitter-typescript": {
      "flake": false,
      "locked": {
        "lastModified": 1678616152,
        "narHash": "sha256-YJrjxU2VmkVHTHta531fsJrx+K4Xih5kpFVEEqmvz34=",
        "owner": "tree-sitter",
        "repo": "tree-sitter-typescript",
        "rev": "b66d19b9b6ec3edf3d8aff0c20646acbdaa0afb3",
        "type": "github"
      },
      "original": {
        "owner": "tree-sitter",
        "repo": "tree-sitter-typescript",
        "type": "github"
      }
    },
    "tree-sitter-vim": {
      "flake": false,
      "locked": {
        "lastModified": 1675659347,
        "narHash": "sha256-f3UAHwCL5yerEjmuDp+guzX4/ik4h7ProH5P8AmdO10=",
        "owner": "vigoux",
        "repo": "tree-sitter-viml",
        "rev": "e39a7bbcfdcfc7900629962b785c7e14503ae590",
        "type": "github"
      },
      "original": {
        "owner": "vigoux",
        "repo": "tree-sitter-viml",
        "type": "github"
      }
    },
    "tree-sitter-yuck": {
      "flake": false,
      "locked": {
        "lastModified": 1678462315,
        "narHash": "sha256-H4tsLDo9Egp1mpZGcA5Z9C9wPFNxPEBDTugUYKeYW9I=",
        "owner": "Philipp-M",
        "repo": "tree-sitter-yuck",
        "rev": "c348825d3f86dec71dee0e1223c6bd73114e3579",
        "type": "github"
      },
      "original": {
        "owner": "Philipp-M",
        "repo": "tree-sitter-yuck",
        "type": "github"
      }
    }
  },
  "root": "root",
  "version": 7
}
