{
  "nodes": {
    "alpha-nvim": {
      "flake": false,
      "locked": {
        "lastModified": 1669699262,
        "narHash": "sha256-uKJRMbNyQtiFhkrsniK7SqxM+XS2l3qffeCqmYznPuk=",
        "owner": "goolord",
        "repo": "alpha-nvim",
        "rev": "21a0f2520ad3a7c32c0822f943368dc063a569fb",
        "type": "github"
      },
      "original": {
        "owner": "goolord",
        "repo": "alpha-nvim",
        "type": "github"
      }
    },
    "ccc-nvim": {
      "flake": false,
      "locked": {
        "lastModified": 1669176977,
        "narHash": "sha256-OVbdroLS1f6MLeeiqzW5JOywjoblSDZ9Vm8p99RajRk=",
        "owner": "uga-rosa",
        "repo": "ccc.nvim",
        "rev": "db80a70d5fc66e0700bc7c05f19da45221851bd0",
        "type": "github"
      },
      "original": {
        "owner": "uga-rosa",
        "repo": "ccc.nvim",
        "type": "github"
      }
    },
    "cmp-buffer": {
      "flake": false,
      "locked": {
        "lastModified": 1660101488,
        "narHash": "sha256-dG4U7MtnXThoa/PD+qFtCt76MQ14V1wX8GMYcvxEnbM=",
        "owner": "hrsh7th",
        "repo": "cmp-buffer",
        "rev": "3022dbc9166796b644a841a02de8dd1cc1d311fa",
        "type": "github"
      },
      "original": {
        "owner": "hrsh7th",
        "repo": "cmp-buffer",
        "type": "github"
      }
    },
    "cmp-calc": {
      "flake": false,
      "locked": {
        "lastModified": 1668567484,
        "narHash": "sha256-GqTY4/Puk4pikjeyyMcJ8wzgb1IC7Cf4gcXx/XXmgP4=",
        "owner": "hrsh7th",
        "repo": "cmp-calc",
        "rev": "50792f34a628ea6eb31d2c90e8df174671e4e7a0",
        "type": "github"
      },
      "original": {
        "owner": "hrsh7th",
        "repo": "cmp-calc",
        "type": "github"
      }
    },
    "cmp-cmdline": {
      "flake": false,
      "locked": {
        "lastModified": 1669558641,
        "narHash": "sha256-hzLiqPMU0tDQ4MTwKxvb3gY2JdD5KwqltGYckuSOzm0=",
        "owner": "hrsh7th",
        "repo": "cmp-cmdline",
        "rev": "23c51b2a3c00f6abc4e922dbd7c3b9aca6992063",
        "type": "github"
      },
      "original": {
        "owner": "hrsh7th",
        "repo": "cmp-cmdline",
        "type": "github"
      }
    },
    "cmp-nvim-lsp": {
      "flake": false,
      "locked": {
        "lastModified": 1668566979,
        "narHash": "sha256-Mqkp8IH/laUx0cK7S0BjusTT+OtOOJOamZM4+93RHdU=",
        "owner": "hrsh7th",
        "repo": "cmp-nvim-lsp",
        "rev": "59224771f91b86d1de12570b4070fe4ad7cd1eeb",
        "type": "github"
      },
      "original": {
        "owner": "hrsh7th",
        "repo": "cmp-nvim-lsp",
        "type": "github"
      }
    },
    "cmp-path": {
      "flake": false,
      "locked": {
        "lastModified": 1664784283,
        "narHash": "sha256-thppiiV3wjIaZnAXmsh7j3DUc6ceSCvGzviwFUnoPaI=",
        "owner": "hrsh7th",
        "repo": "cmp-path",
        "rev": "91ff86cd9c29299a64f968ebb45846c485725f23",
        "type": "github"
      },
      "original": {
        "owner": "hrsh7th",
        "repo": "cmp-path",
        "type": "github"
      }
    },
    "cmp_luasnip": {
      "flake": false,
      "locked": {
        "lastModified": 1666943769,
        "narHash": "sha256-Z5SPy3j2oHFxJ7bK8DP8Q/oRyLEMlnWyIfDaQcNVIS0=",
        "owner": "saadparwaiz1",
        "repo": "cmp_luasnip",
        "rev": "18095520391186d634a0045dacaa346291096566",
        "type": "github"
      },
      "original": {
        "owner": "saadparwaiz1",
        "repo": "cmp_luasnip",
        "type": "github"
      }
    },
    "comment-nvim": {
      "flake": false,
      "locked": {
        "lastModified": 1668781964,
        "narHash": "sha256-po1MyuuOH3e8yJTAtkxnusFSJuNpQnjpe+zfWPoO62E=",
        "owner": "numToStr",
        "repo": "Comment.nvim",
        "rev": "5f01c1a89adafc52bf34e3bf690f80d9d726715d",
        "type": "github"
      },
      "original": {
        "owner": "numToStr",
        "repo": "Comment.nvim",
        "type": "github"
      }
    },
    "flake-utils": {
      "locked": {
        "lastModified": 1667395993,
        "narHash": "sha256-nuEHfE/LcWyuSWnS8t12N1wc105Qtau+/OdUAjtQ0rA=",
        "owner": "numtide",
        "repo": "flake-utils",
        "rev": "5aed5285a952e0b949eb3ba02c12fa4fcfef535f",
        "type": "github"
      },
      "original": {
        "owner": "numtide",
        "repo": "flake-utils",
        "type": "github"
      }
    },
    "friendly-snippets": {
      "flake": false,
      "locked": {
        "lastModified": 1670907518,
        "narHash": "sha256-tlkbqcSHpDteVBpblwZ+FL715heofoENrOGsKkzPvYM=",
        "owner": "rafamadriz",
        "repo": "friendly-snippets",
        "rev": "2379c6245be10fbf0ebd057f0d1f89fe356bf8bc",
        "type": "github"
      },
      "original": {
        "owner": "rafamadriz",
        "repo": "friendly-snippets",
        "type": "github"
      }
    },
    "gitsigns-nvim": {
      "flake": false,
      "locked": {
        "lastModified": 1669826718,
        "narHash": "sha256-2S25m5sx7fHI/PHKosch7w/uV7DUOFtOQVpp9sUGKYk=",
        "owner": "lewis6991",
        "repo": "gitsigns.nvim",
        "rev": "d076301a634198e0ae3efee3b298fc63c055a871",
        "type": "github"
      },
      "original": {
        "owner": "lewis6991",
        "repo": "gitsigns.nvim",
        "type": "github"
      }
    },
    "hydra-nvim": {
      "flake": false,
      "locked": {
        "lastModified": 1668979302,
        "narHash": "sha256-r+Kiy+zzlvcbfxacT8KmgsKhr/TtVLqth7XC7Wx/iD0=",
        "owner": "anuvyklack",
        "repo": "hydra.nvim",
        "rev": "7e2aa29f88d534371c6b0263d3abbfac7c2376ce",
        "type": "github"
      },
      "original": {
        "owner": "anuvyklack",
        "repo": "hydra.nvim",
        "type": "github"
      }
    },
    "indent-blankline-nvim": {
      "flake": false,
      "locked": {
        "lastModified": 1670461953,
        "narHash": "sha256-BvRE4l10Ruz3j4JJwSAKuE9M3vd1blDbEHHlwIB2Vs0=",
        "owner": "lukas-reineke",
        "repo": "indent-blankline.nvim",
        "rev": "c4c203c3e8a595bc333abaf168fcb10c13ed5fb7",
        "type": "github"
      },
      "original": {
        "owner": "lukas-reineke",
        "repo": "indent-blankline.nvim",
        "type": "github"
      }
    },
    "leap-nvim": {
      "flake": false,
      "locked": {
        "lastModified": 1670938908,
        "narHash": "sha256-Vr/qbU+4fe+KI+FLyyCzTLPHG1EqM3N8bTRA1KCnT/o=",
        "owner": "ggandor",
        "repo": "leap.nvim",
        "rev": "fbb8eb7590ebea8db47f4bb0cc54e24d052e9b29",
        "type": "github"
      },
      "original": {
        "owner": "ggandor",
        "repo": "leap.nvim",
        "type": "github"
      }
    },
    "lspsaga-nvim": {
      "flake": false,
      "locked": {
        "lastModified": 1670925830,
        "narHash": "sha256-sciX/fMxzY1YOxXxjj1+ymrdMi451avcFFu+14R+/pk=",
        "owner": "glepnir",
        "repo": "lspsaga.nvim",
        "rev": "b7b4777369b441341b2dcd45c738ea4167c11c9e",
        "type": "github"
      },
      "original": {
        "owner": "glepnir",
        "repo": "lspsaga.nvim",
        "type": "github"
      }
    },
    "lualine-nvim": {
      "flake": false,
      "locked": {
        "lastModified": 1669646907,
        "narHash": "sha256-DiSbSGfCe8h/7Bu48jbYQfwFXhlHmJnGG5R6oBG4JPs=",
        "owner": "nvim-lualine",
        "repo": "lualine.nvim",
        "rev": "bfa0d99ba6f98d077dd91779841f1c88b7b5c165",
        "type": "github"
      },
      "original": {
        "owner": "nvim-lualine",
        "repo": "lualine.nvim",
        "type": "github"
      }
    },
    "luasnip": {
      "flake": false,
      "locked": {
        "lastModified": 1670761649,
        "narHash": "sha256-IDes6O85repb3Z4GSynXDEKbRlN2j8hhCX5SOipi/HI=",
        "owner": "L3MON4D3",
        "repo": "LuaSnip",
        "rev": "8b25e74761eead3dc47ce04b5e017fd23da7ad7e",
        "type": "github"
      },
      "original": {
        "owner": "L3MON4D3",
        "repo": "LuaSnip",
        "type": "github"
      }
    },
    "neo-tree-nvim": {
      "flake": false,
      "locked": {
        "lastModified": 1669565114,
        "narHash": "sha256-kl9+gLjpG9/9gjxbeHrbZnEz2zDKIswrz4IjQptWnPk=",
        "owner": "nvim-neo-tree",
        "repo": "neo-tree.nvim",
        "rev": "7c6903b05b13c5d4c3882c896a59e6101cb51ea7",
        "type": "github"
      },
      "original": {
        "owner": "nvim-neo-tree",
        "ref": "v2.x",
        "repo": "neo-tree.nvim",
        "type": "github"
      }
    },
    "neorg": {
      "flake": false,
      "locked": {
        "lastModified": 1670272172,
        "narHash": "sha256-MDXf5LYTYEKZHrhWCJBp+0BGEZG1Qz35/0SCoosTHKk=",
        "owner": "nvim-neorg",
        "repo": "neorg",
        "rev": "a79bf5969e27a3f1f1478c9b05c187815f2b2390",
        "type": "github"
      },
      "original": {
        "owner": "nvim-neorg",
        "repo": "neorg",
        "type": "github"
      }
    },
    "neovim-nightly": {
      "inputs": {
        "flake-utils": "flake-utils",
        "nixpkgs": [
          "nixpkgs"
        ]
      },
      "locked": {
        "dir": "contrib",
        "lastModified": 1670942634,
        "narHash": "sha256-d/K7M1InZQy6ea0GgiuUnPmNQgBlKPPDVlZTC9umHFI=",
        "owner": "neovim",
        "repo": "neovim",
        "rev": "090048bec9f80c46a6ce6ff05a419b15bc4bf028",
        "type": "github"
      },
      "original": {
        "dir": "contrib",
        "owner": "neovim",
        "repo": "neovim",
        "type": "github"
      }
    },
    "nixpkgs": {
      "locked": {
        "lastModified": 1670841420,
        "narHash": "sha256-mSEia1FzrsHbfqjorMyYiX8NXdDVeR1Pw1k55jMJlJY=",
        "owner": "nixos",
        "repo": "nixpkgs",
        "rev": "33e0d99cbedf2acfd7340d2150837fbb28039a64",
        "type": "github"
      },
      "original": {
        "owner": "nixos",
        "ref": "nixos-unstable",
        "repo": "nixpkgs",
        "type": "github"
      }
    },
    "noice-nvim": {
      "flake": false,
      "locked": {
        "lastModified": 1670090452,
        "narHash": "sha256-aB4zIKR0oRxgRaOZpKgF23PI37saEqH7IKmifaqQtt8=",
        "owner": "folke",
        "repo": "noice.nvim",
        "rev": "e013b6ebbad0fab34013be6f073da38c53c9e1dc",
        "type": "github"
      },
      "original": {
        "owner": "folke",
        "repo": "noice.nvim",
        "type": "github"
      }
    },
    "nui-nvim": {
      "flake": false,
      "locked": {
        "lastModified": 1670585698,
        "narHash": "sha256-wiHVsuOnqDvYxL485SYkmTwDP4ObyTb3CO4b3W9rKCM=",
        "owner": "MunifTanjim",
        "repo": "nui.nvim",
        "rev": "2a6533fb798efad7dd783311315bab8dc5eb381b",
        "type": "github"
      },
      "original": {
        "owner": "MunifTanjim",
        "repo": "nui.nvim",
        "type": "github"
      }
    },
    "null-ls-nvim": {
      "flake": false,
      "locked": {
        "lastModified": 1670959456,
        "narHash": "sha256-1CGSwLwps1+jkqMhRb50M/Fxq6VmrnJvKeb7t2RULYU=",
        "owner": "jose-elias-alvarez",
        "repo": "null-ls.nvim",
        "rev": "deba57c14aaccd26b5c4bf60912d549ddcdeba9f",
        "type": "github"
      },
      "original": {
        "owner": "jose-elias-alvarez",
        "repo": "null-ls.nvim",
        "type": "github"
      }
    },
    "nvim-autopairs": {
      "flake": false,
      "locked": {
        "lastModified": 1670379065,
        "narHash": "sha256-JQlmQy3KEXuZEZPhX4d2pFi5RqVNeRVJaUOI9KrVR0s=",
        "owner": "windwp",
        "repo": "nvim-autopairs",
        "rev": "9fa996123031b4cad100bd5afad04384a622c8a7",
        "type": "github"
      },
      "original": {
        "owner": "windwp",
        "repo": "nvim-autopairs",
        "type": "github"
      }
    },
    "nvim-cmp": {
      "flake": false,
      "locked": {
        "lastModified": 1669562650,
        "narHash": "sha256-zNXpUM55ylCzEngj4L9kPuGq1v6x4xeK3MldsnIYKTE=",
        "owner": "hrsh7th",
        "repo": "nvim-cmp",
        "rev": "93f385c17611039f3cc35e1399f1c0a8cf82f1fb",
        "type": "github"
      },
      "original": {
        "owner": "hrsh7th",
        "repo": "nvim-cmp",
        "type": "github"
      }
    },
    "nvim-cokeline": {
      "flake": false,
      "locked": {
        "lastModified": 1662885703,
        "narHash": "sha256-BQP4jOm55YeDfabsSdfEiRk2O7t7KARklSbyfBK5Zu0=",
        "owner": "noib3",
        "repo": "nvim-cokeline",
        "rev": "501f93ec84af0d505d95d3827cad470b9c5e86dc",
        "type": "github"
      },
      "original": {
        "owner": "noib3",
        "repo": "nvim-cokeline",
        "type": "github"
      }
    },
    "nvim-dap": {
      "flake": false,
      "locked": {
        "lastModified": 1670867307,
        "narHash": "sha256-od5ILdUqRSBHMDuPXR+VMVVJJoO1+F3SI85CFwybYk0=",
        "owner": "mfussenegger",
        "repo": "nvim-dap",
        "rev": "68d96871118a13365f3c33e4838990030fff80ec",
        "type": "github"
      },
      "original": {
        "owner": "mfussenegger",
        "repo": "nvim-dap",
        "type": "github"
      }
    },
    "nvim-dap-ui": {
      "flake": false,
      "locked": {
        "lastModified": 1669281515,
        "narHash": "sha256-FlcOi1ZOn8QQSqAcmrAtOwhX8cH0gsVKs9TDg1OwJQ4=",
        "owner": "rcarriga",
        "repo": "nvim-dap-ui",
        "rev": "54365d2eb4cb9cfab0371306c6a76c913c5a67e3",
        "type": "github"
      },
      "original": {
        "owner": "rcarriga",
        "repo": "nvim-dap-ui",
        "type": "github"
      }
    },
    "nvim-lspconfig": {
      "flake": false,
      "locked": {
        "lastModified": 1670933229,
        "narHash": "sha256-qnU1Uq858bAVRYjEvVwqRDzAbCM2XkV2+GuaPuLMElY=",
        "owner": "neovim",
        "repo": "nvim-lspconfig",
        "rev": "cbf8762f15fac03a51eaa2c6f983d4a5045c95b4",
        "type": "github"
      },
      "original": {
        "owner": "neovim",
        "repo": "nvim-lspconfig",
        "type": "github"
      }
    },
    "nvim-notify": {
      "flake": false,
      "locked": {
        "lastModified": 1670334533,
        "narHash": "sha256-ftvjOtX/U9J9RyEWqvEZEqOsujuRsdXlbNraDOVUxRs=",
        "owner": "rcarriga",
        "repo": "nvim-notify",
        "rev": "b005821516f1f37801a73067afd1cef2dbc4dfe8",
        "type": "github"
      },
      "original": {
        "owner": "rcarriga",
        "repo": "nvim-notify",
        "type": "github"
      }
    },
    "nvim-treesitter": {
      "flake": false,
      "locked": {
        "lastModified": 1670962668,
        "narHash": "sha256-/hWyN4RsPt76hlusq4DPYSa6rnHzvxsxrQK4NRzpZjg=",
        "owner": "nvim-treesitter",
        "repo": "nvim-treesitter",
        "rev": "69388e84c34d40c3d5c7d2f310db13276f2179e1",
        "type": "github"
      },
      "original": {
        "owner": "nvim-treesitter",
        "repo": "nvim-treesitter",
        "type": "github"
      }
    },
    "nvim-treesitter-textobjects": {
      "flake": false,
      "locked": {
        "lastModified": 1670871699,
        "narHash": "sha256-7y+KaHGFRqM5VhVQ6+QZA53rCklgSuoq/jdoNf1ojiM=",
        "owner": "nvim-treesitter",
        "repo": "nvim-treesitter-textobjects",
        "rev": "731be7f2358fb9f3e2bc7d8698b82c882cf132a4",
        "type": "github"
      },
      "original": {
        "owner": "nvim-treesitter",
        "repo": "nvim-treesitter-textobjects",
        "type": "github"
      }
    },
    "nvim-ts-autotag": {
      "flake": false,
      "locked": {
        "lastModified": 1660219579,
        "narHash": "sha256-ltGiYNXWpWSI5RrWTVR+k6SZjcZbsHtH5m9uHTMKnzM=",
        "owner": "windwp",
        "repo": "nvim-ts-autotag",
        "rev": "fdefe46c6807441460f11f11a167a2baf8e4534b",
        "type": "github"
      },
      "original": {
        "owner": "windwp",
        "repo": "nvim-ts-autotag",
        "type": "github"
      }
    },
    "nvim-ts-context-commentstring": {
      "flake": false,
      "locked": {
        "lastModified": 1667059356,
        "narHash": "sha256-l7T8D+JSwvdmrnX9LNJJMtsDeZwU2gG7k5q1PoHFzZw=",
        "owner": "JoosepAlviste",
        "repo": "nvim-ts-context-commentstring",
        "rev": "32d9627123321db65a4f158b72b757bcaef1a3f4",
        "type": "github"
      },
      "original": {
        "owner": "JoosepAlviste",
        "repo": "nvim-ts-context-commentstring",
        "type": "github"
      }
    },
    "nvim-web-devicons": {
      "flake": false,
      "locked": {
        "lastModified": 1670623994,
        "narHash": "sha256-X2CM/CjBS5RCKVsepbOnmmYveYNjssaMm8uo92u2o6w=",
        "owner": "kyazdani42",
        "repo": "nvim-web-devicons",
        "rev": "05e1072f63f6c194ac6e867b567e6b437d3d4622",
        "type": "github"
      },
      "original": {
        "owner": "kyazdani42",
        "repo": "nvim-web-devicons",
        "type": "github"
      }
    },
    "octo-nvim": {
      "flake": false,
      "locked": {
        "lastModified": 1670940104,
        "narHash": "sha256-+YWO9jC3BwmOKY3uQgOO0JmCSX5LWx9112kLK/Zpp1Q=",
        "owner": "pwntester",
        "repo": "octo.nvim",
        "rev": "cb9314d358dc9f1d50e553a3c8e237ce713cbc57",
        "type": "github"
      },
      "original": {
        "owner": "pwntester",
        "repo": "octo.nvim",
        "type": "github"
      }
    },
    "plenary-nvim": {
      "flake": false,
      "locked": {
        "lastModified": 1664607953,
        "narHash": "sha256-lIdBrVpi+vUudeotjFAuw4C0VT8TPoFE9cVVAQEsAYU=",
        "owner": "nvim-lua",
        "repo": "plenary.nvim",
        "rev": "4b7e52044bbb84242158d977a50c4cbcd85070c7",
        "type": "github"
      },
      "original": {
        "owner": "nvim-lua",
        "repo": "plenary.nvim",
        "type": "github"
      }
    },
    "popup-nvim": {
      "flake": false,
      "locked": {
        "lastModified": 1637254091,
        "narHash": "sha256-dNWz/xovUg55fDZUpVs/2kLphk3lqQyvPtc9ATwbeSQ=",
        "owner": "nvim-lua",
        "repo": "popup.nvim",
        "rev": "b7404d35d5d3548a82149238289fa71f7f6de4ac",
        "type": "github"
      },
      "original": {
        "owner": "nvim-lua",
        "repo": "popup.nvim",
        "type": "github"
      }
    },
    "project-nvim": {
      "flake": false,
      "locked": {
        "lastModified": 1667073231,
        "narHash": "sha256-fW4ztvYpeXTC0DbkZS4usG/KENiMJG/sWVTD4e8k42g=",
        "owner": "ahmedkhalf",
        "repo": "project.nvim",
        "rev": "685bc8e3890d2feb07ccf919522c97f7d33b94e4",
        "type": "github"
      },
      "original": {
        "owner": "ahmedkhalf",
        "repo": "project.nvim",
        "type": "github"
      }
    },
    "root": {
      "inputs": {
        "alpha-nvim": "alpha-nvim",
        "ccc-nvim": "ccc-nvim",
        "cmp-buffer": "cmp-buffer",
        "cmp-calc": "cmp-calc",
        "cmp-cmdline": "cmp-cmdline",
        "cmp-nvim-lsp": "cmp-nvim-lsp",
        "cmp-path": "cmp-path",
        "cmp_luasnip": "cmp_luasnip",
        "comment-nvim": "comment-nvim",
        "friendly-snippets": "friendly-snippets",
        "gitsigns-nvim": "gitsigns-nvim",
        "hydra-nvim": "hydra-nvim",
        "indent-blankline-nvim": "indent-blankline-nvim",
        "leap-nvim": "leap-nvim",
        "lspsaga-nvim": "lspsaga-nvim",
        "lualine-nvim": "lualine-nvim",
        "luasnip": "luasnip",
        "neo-tree-nvim": "neo-tree-nvim",
        "neorg": "neorg",
        "neovim-nightly": "neovim-nightly",
        "nixpkgs": "nixpkgs",
        "noice-nvim": "noice-nvim",
        "nui-nvim": "nui-nvim",
        "null-ls-nvim": "null-ls-nvim",
        "nvim-autopairs": "nvim-autopairs",
        "nvim-cmp": "nvim-cmp",
        "nvim-cokeline": "nvim-cokeline",
        "nvim-dap": "nvim-dap",
        "nvim-dap-ui": "nvim-dap-ui",
        "nvim-lspconfig": "nvim-lspconfig",
        "nvim-notify": "nvim-notify",
        "nvim-treesitter": "nvim-treesitter",
        "nvim-treesitter-textobjects": "nvim-treesitter-textobjects",
        "nvim-ts-autotag": "nvim-ts-autotag",
        "nvim-ts-context-commentstring": "nvim-ts-context-commentstring",
        "nvim-web-devicons": "nvim-web-devicons",
        "octo-nvim": "octo-nvim",
        "plenary-nvim": "plenary-nvim",
        "popup-nvim": "popup-nvim",
        "project-nvim": "project-nvim",
        "schemastore-nvim": "schemastore-nvim",
        "telescope-nvim": "telescope-nvim",
        "todo-comments-nvim": "todo-comments-nvim",
        "toggleterm-nvim": "toggleterm-nvim",
        "tokyonight-nvim": "tokyonight-nvim",
        "trouble-nvim": "trouble-nvim",
        "twilight-nvim": "twilight-nvim",
        "zen-mode-nvim": "zen-mode-nvim"
      }
    },
    "schemastore-nvim": {
      "flake": false,
      "locked": {
        "lastModified": 1670875459,
        "narHash": "sha256-u9XxPaoCMvB/cibjeDGov9iQMCXR7pjuhYl1mTrmWIE=",
        "owner": "b0o",
        "repo": "SchemaStore.nvim",
        "rev": "88a5121859a96c42b75165946e7ff0d318c31a8e",
        "type": "github"
      },
      "original": {
        "owner": "b0o",
        "repo": "SchemaStore.nvim",
        "type": "github"
      }
    },
    "telescope-nvim": {
      "flake": false,
      "locked": {
        "lastModified": 1669979094,
        "narHash": "sha256-5UgCqnDs4iubnq7gER1wC8Mk9UZuo8cWqDB8ZbyGCRI=",
        "owner": "nvim-telescope",
        "repo": "telescope.nvim",
        "rev": "cabf991b1d3996fa6f3232327fc649bbdf676496",
        "type": "github"
      },
      "original": {
        "owner": "nvim-telescope",
        "repo": "telescope.nvim",
        "type": "github"
      }
    },
    "todo-comments-nvim": {
      "flake": false,
      "locked": {
        "lastModified": 1668584548,
        "narHash": "sha256-8RP0vtz0wj9d2rz4WY+cTOCui9k56Hsa8glBXPaK0ZM=",
        "owner": "folke",
        "repo": "todo-comments.nvim",
        "rev": "1b9df577262b2c4c4ea422161742927f80ffa131",
        "type": "github"
      },
      "original": {
        "owner": "folke",
        "repo": "todo-comments.nvim",
        "type": "github"
      }
    },
    "toggleterm-nvim": {
      "flake": false,
      "locked": {
        "lastModified": 1670593071,
        "narHash": "sha256-0n3WbUM3rYyR2BXgeyYuyTZIbIs5dzuIu8imsSvAc8U=",
        "owner": "akinsho",
        "repo": "toggleterm.nvim",
        "rev": "b02a1674bd0010d7982b056fd3df4f717ff8a57a",
        "type": "github"
      },
      "original": {
        "owner": "akinsho",
        "repo": "toggleterm.nvim",
        "type": "github"
      }
    },
    "tokyonight-nvim": {
      "flake": false,
      "locked": {
        "lastModified": 1670321239,
        "narHash": "sha256-BAS05Rxj9e72WBQmw8uiMrI76hRLK4fU/+D98p7U9UA=",
        "owner": "folke",
        "repo": "tokyonight.nvim",
        "rev": "0f7b6a5b6cf232f34cb8f51123a084a6eee96b89",
        "type": "github"
      },
      "original": {
        "owner": "folke",
        "repo": "tokyonight.nvim",
        "type": "github"
      }
    },
    "trouble-nvim": {
      "flake": false,
      "locked": {
        "lastModified": 1668579978,
        "narHash": "sha256-8IJB4cIT85GkManiRSelGEMGudnGwZ5Vr+CJwTv40SY=",
        "owner": "folke",
        "repo": "trouble.nvim",
        "rev": "897542f90050c3230856bc6e45de58b94c700bbf",
        "type": "github"
      },
      "original": {
        "owner": "folke",
        "repo": "trouble.nvim",
        "type": "github"
      }
    },
    "twilight-nvim": {
      "flake": false,
      "locked": {
        "lastModified": 1662368627,
        "narHash": "sha256-ryjYff6ljCTx9wwq3idl5g34Kjr4zbOJLON3oYqvgas=",
        "owner": "folke",
        "repo": "twilight.nvim",
        "rev": "1ffa6a4d89fb2fbb784c6674044bf54f1fca936f",
        "type": "github"
      },
      "original": {
        "owner": "folke",
        "repo": "twilight.nvim",
        "type": "github"
      }
    },
    "zen-mode-nvim": {
      "flake": false,
      "locked": {
        "lastModified": 1662368212,
        "narHash": "sha256-n69FYW16uns+OXTsPCUeEPF5Z3dOJq997O/XTttpKBI=",
        "owner": "folke",
        "repo": "zen-mode.nvim",
        "rev": "6f5702db4fd4a4c9a212f8de3b7b982f3d93b03c",
        "type": "github"
      },
      "original": {
        "owner": "folke",
        "repo": "zen-mode.nvim",
        "type": "github"
      }
    }
  },
  "root": "root",
  "version": 7
}
